
Microsoft Visual Studio Solution File, Format Version 12.00
# Visual Studio 14
VisualStudioVersion = 14.0.25420.1
MinimumVisualStudioVersion = 10.0.40219.1
Project("{FAE04EC0-301F-11D3-BF4B-00C04F79EFBC}") = "01SayHello", "01SayHello\01SayHello.csproj", "{2D9D8C59-B005-427E-B49E-B14C53CB7E2A}"
	ProjectSection(ProjectDependencies) = postProject
		{3C7DB90D-FDBB-4F24-963F-33A510C29EAC} = {3C7DB90D-FDBB-4F24-963F-33A510C29EAC}
		{128F241B-45DD-4213-B77D-0853D7D43825} = {128F241B-45DD-4213-B77D-0853D7D43825}
		{678AA130-B5FE-4AE9-A1F8-8F9F01CD6422} = {678AA130-B5FE-4AE9-A1F8-8F9F01CD6422}
		{C6F1AB56-5B27-4E78-BBD0-92FDEC9D3A3A} = {C6F1AB56-5B27-4E78-BBD0-92FDEC9D3A3A}
		{1DA5BC6C-88FE-4D2A-93B0-FE77F791C34D} = {1DA5BC6C-88FE-4D2A-93B0-FE77F791C34D}
		{22BE09A2-077B-43CC-8EA6-ECEBF767DE0C} = {22BE09A2-077B-43CC-8EA6-ECEBF767DE0C}
		{0FCB01BF-E90D-46D1-9556-C4A65DDB55D4} = {0FCB01BF-E90D-46D1-9556-C4A65DDB55D4}
		{35CFEAC7-C667-4C1F-A26F-DF2D6D094635} = {35CFEAC7-C667-4C1F-A26F-DF2D6D094635}
		{36E663DE-038F-4E58-893F-9F5FEC27640C} = {36E663DE-038F-4E58-893F-9F5FEC27640C}
		{BB8DCEE5-E088-4DE9-9693-3464683CD493} = {BB8DCEE5-E088-4DE9-9693-3464683CD493}
		{31A13EEF-7B9E-436B-BF40-21FFE8249B95} = {31A13EEF-7B9E-436B-BF40-21FFE8249B95}
		{FDE25BF1-5476-4D77-AB03-B7D82D205004} = {FDE25BF1-5476-4D77-AB03-B7D82D205004}
		{8F7DF5F3-4C9D-4295-AFEB-197EF31164AF} = {8F7DF5F3-4C9D-4295-AFEB-197EF31164AF}
	EndProjectSection
EndProject
Project("{FAE04EC0-301F-11D3-BF4B-00C04F79EFBC}") = "02GetLargestNumber", "02GetLargestNumber\02GetLargestNumber.csproj", "{678AA130-B5FE-4AE9-A1F8-8F9F01CD6422}"
EndProject
Project("{FAE04EC0-301F-11D3-BF4B-00C04F79EFBC}") = "03EnglishDigit", "03EnglishDigit\03EnglishDigit.csproj", "{3C7DB90D-FDBB-4F24-963F-33A510C29EAC}"
EndProject
Project("{FAE04EC0-301F-11D3-BF4B-00C04F79EFBC}") = "04AppearanceCount", "04AppearanceCount\04AppearanceCount.csproj", "{128F241B-45DD-4213-B77D-0853D7D43825}"
EndProject
Project("{FAE04EC0-301F-11D3-BF4B-00C04F79EFBC}") = "05LargerThanNeighbours", "05LargerThanNeighbours\05LargerThanNeighbours.csproj", "{BB8DCEE5-E088-4DE9-9693-3464683CD493}"
EndProject
Project("{FAE04EC0-301F-11D3-BF4B-00C04F79EFBC}") = "06FirstLargerThanNeighbours", "06FirstLargerThanNeighbours\06FirstLargerThanNeighbours.csproj", "{36E663DE-038F-4E58-893F-9F5FEC27640C}"
EndProject
Project("{FAE04EC0-301F-11D3-BF4B-00C04F79EFBC}") = "07ReverseNumber", "07ReverseNumber\07ReverseNumber.csproj", "{FDE25BF1-5476-4D77-AB03-B7D82D205004}"
EndProject
Project("{FAE04EC0-301F-11D3-BF4B-00C04F79EFBC}") = "08NumbersAsArray", "08NumbersAsArray\08NumbersAsArray.csproj", "{C6F1AB56-5B27-4E78-BBD0-92FDEC9D3A3A}"
EndProject
Project("{FAE04EC0-301F-11D3-BF4B-00C04F79EFBC}") = "09SortingArray", "09SortingArray\09SortingArray.csproj", "{0FCB01BF-E90D-46D1-9556-C4A65DDB55D4}"
EndProject
Project("{FAE04EC0-301F-11D3-BF4B-00C04F79EFBC}") = "10NFactorial", "10NFactorial\10NFactorial.csproj", "{22BE09A2-077B-43CC-8EA6-ECEBF767DE0C}"
EndProject
Project("{FAE04EC0-301F-11D3-BF4B-00C04F79EFBC}") = "11AddingPolynomials", "11AddingPolynomials\11AddingPolynomials.csproj", "{31A13EEF-7B9E-436B-BF40-21FFE8249B95}"
EndProject
Project("{FAE04EC0-301F-11D3-BF4B-00C04F79EFBC}") = "12SubtractingPolynomials", "12SubtractingPolynomials\12SubtractingPolynomials.csproj", "{8F7DF5F3-4C9D-4295-AFEB-197EF31164AF}"
EndProject
Project("{FAE04EC0-301F-11D3-BF4B-00C04F79EFBC}") = "13SolveTasks", "13Solvetasks\13SolveTasks.csproj", "{1DA5BC6C-88FE-4D2A-93B0-FE77F791C34D}"
EndProject
Project("{FAE04EC0-301F-11D3-BF4B-00C04F79EFBC}") = "14IntegerCalculations", "14IntegerCalculations\14IntegerCalculations.csproj", "{35CFEAC7-C667-4C1F-A26F-DF2D6D094635}"
EndProject
Global
	GlobalSection(SolutionConfigurationPlatforms) = preSolution
		Debug|Any CPU = Debug|Any CPU
		Release|Any CPU = Release|Any CPU
	EndGlobalSection
	GlobalSection(ProjectConfigurationPlatforms) = postSolution
		{2D9D8C59-B005-427E-B49E-B14C53CB7E2A}.Debug|Any CPU.ActiveCfg = Debug|Any CPU
		{2D9D8C59-B005-427E-B49E-B14C53CB7E2A}.Debug|Any CPU.Build.0 = Debug|Any CPU
		{2D9D8C59-B005-427E-B49E-B14C53CB7E2A}.Release|Any CPU.ActiveCfg = Release|Any CPU
		{2D9D8C59-B005-427E-B49E-B14C53CB7E2A}.Release|Any CPU.Build.0 = Release|Any CPU
		{678AA130-B5FE-4AE9-A1F8-8F9F01CD6422}.Debug|Any CPU.ActiveCfg = Debug|Any CPU
		{678AA130-B5FE-4AE9-A1F8-8F9F01CD6422}.Debug|Any CPU.Build.0 = Debug|Any CPU
		{678AA130-B5FE-4AE9-A1F8-8F9F01CD6422}.Release|Any CPU.ActiveCfg = Release|Any CPU
		{678AA130-B5FE-4AE9-A1F8-8F9F01CD6422}.Release|Any CPU.Build.0 = Release|Any CPU
		{3C7DB90D-FDBB-4F24-963F-33A510C29EAC}.Debug|Any CPU.ActiveCfg = Debug|Any CPU
		{3C7DB90D-FDBB-4F24-963F-33A510C29EAC}.Debug|Any CPU.Build.0 = Debug|Any CPU
		{3C7DB90D-FDBB-4F24-963F-33A510C29EAC}.Release|Any CPU.ActiveCfg = Release|Any CPU
		{3C7DB90D-FDBB-4F24-963F-33A510C29EAC}.Release|Any CPU.Build.0 = Release|Any CPU
		{128F241B-45DD-4213-B77D-0853D7D43825}.Debug|Any CPU.ActiveCfg = Debug|Any CPU
		{128F241B-45DD-4213-B77D-0853D7D43825}.Debug|Any CPU.Build.0 = Debug|Any CPU
		{128F241B-45DD-4213-B77D-0853D7D43825}.Release|Any CPU.ActiveCfg = Release|Any CPU
		{128F241B-45DD-4213-B77D-0853D7D43825}.Release|Any CPU.Build.0 = Release|Any CPU
		{BB8DCEE5-E088-4DE9-9693-3464683CD493}.Debug|Any CPU.ActiveCfg = Debug|Any CPU
		{BB8DCEE5-E088-4DE9-9693-3464683CD493}.Debug|Any CPU.Build.0 = Debug|Any CPU
		{BB8DCEE5-E088-4DE9-9693-3464683CD493}.Release|Any CPU.ActiveCfg = Release|Any CPU
		{BB8DCEE5-E088-4DE9-9693-3464683CD493}.Release|Any CPU.Build.0 = Release|Any CPU
		{36E663DE-038F-4E58-893F-9F5FEC27640C}.Debug|Any CPU.ActiveCfg = Debug|Any CPU
		{36E663DE-038F-4E58-893F-9F5FEC27640C}.Debug|Any CPU.Build.0 = Debug|Any CPU
		{36E663DE-038F-4E58-893F-9F5FEC27640C}.Release|Any CPU.ActiveCfg = Release|Any CPU
		{36E663DE-038F-4E58-893F-9F5FEC27640C}.Release|Any CPU.Build.0 = Release|Any CPU
		{FDE25BF1-5476-4D77-AB03-B7D82D205004}.Debug|Any CPU.ActiveCfg = Debug|Any CPU
		{FDE25BF1-5476-4D77-AB03-B7D82D205004}.Debug|Any CPU.Build.0 = Debug|Any CPU
		{FDE25BF1-5476-4D77-AB03-B7D82D205004}.Release|Any CPU.ActiveCfg = Release|Any CPU
		{FDE25BF1-5476-4D77-AB03-B7D82D205004}.Release|Any CPU.Build.0 = Release|Any CPU
		{C6F1AB56-5B27-4E78-BBD0-92FDEC9D3A3A}.Debug|Any CPU.ActiveCfg = Debug|Any CPU
		{C6F1AB56-5B27-4E78-BBD0-92FDEC9D3A3A}.Debug|Any CPU.Build.0 = Debug|Any CPU
		{C6F1AB56-5B27-4E78-BBD0-92FDEC9D3A3A}.Release|Any CPU.ActiveCfg = Release|Any CPU
		{C6F1AB56-5B27-4E78-BBD0-92FDEC9D3A3A}.Release|Any CPU.Build.0 = Release|Any CPU
		{0FCB01BF-E90D-46D1-9556-C4A65DDB55D4}.Debug|Any CPU.ActiveCfg = Debug|Any CPU
		{0FCB01BF-E90D-46D1-9556-C4A65DDB55D4}.Debug|Any CPU.Build.0 = Debug|Any CPU
		{0FCB01BF-E90D-46D1-9556-C4A65DDB55D4}.Release|Any CPU.ActiveCfg = Release|Any CPU
		{0FCB01BF-E90D-46D1-9556-C4A65DDB55D4}.Release|Any CPU.Build.0 = Release|Any CPU
		{22BE09A2-077B-43CC-8EA6-ECEBF767DE0C}.Debug|Any CPU.ActiveCfg = Debug|Any CPU
		{22BE09A2-077B-43CC-8EA6-ECEBF767DE0C}.Debug|Any CPU.Build.0 = Debug|Any CPU
		{22BE09A2-077B-43CC-8EA6-ECEBF767DE0C}.Release|Any CPU.ActiveCfg = Release|Any CPU
		{22BE09A2-077B-43CC-8EA6-ECEBF767DE0C}.Release|Any CPU.Build.0 = Release|Any CPU
		{31A13EEF-7B9E-436B-BF40-21FFE8249B95}.Debug|Any CPU.ActiveCfg = Debug|Any CPU
		{31A13EEF-7B9E-436B-BF40-21FFE8249B95}.Debug|Any CPU.Build.0 = Debug|Any CPU
		{31A13EEF-7B9E-436B-BF40-21FFE8249B95}.Release|Any CPU.ActiveCfg = Release|Any CPU
		{31A13EEF-7B9E-436B-BF40-21FFE8249B95}.Release|Any CPU.Build.0 = Release|Any CPU
		{8F7DF5F3-4C9D-4295-AFEB-197EF31164AF}.Debug|Any CPU.ActiveCfg = Debug|Any CPU
		{8F7DF5F3-4C9D-4295-AFEB-197EF31164AF}.Debug|Any CPU.Build.0 = Debug|Any CPU
		{8F7DF5F3-4C9D-4295-AFEB-197EF31164AF}.Release|Any CPU.ActiveCfg = Release|Any CPU
		{8F7DF5F3-4C9D-4295-AFEB-197EF31164AF}.Release|Any CPU.Build.0 = Release|Any CPU
		{1DA5BC6C-88FE-4D2A-93B0-FE77F791C34D}.Debug|Any CPU.ActiveCfg = Debug|Any CPU
		{1DA5BC6C-88FE-4D2A-93B0-FE77F791C34D}.Debug|Any CPU.Build.0 = Debug|Any CPU
		{1DA5BC6C-88FE-4D2A-93B0-FE77F791C34D}.Release|Any CPU.ActiveCfg = Release|Any CPU
		{1DA5BC6C-88FE-4D2A-93B0-FE77F791C34D}.Release|Any CPU.Build.0 = Release|Any CPU
		{35CFEAC7-C667-4C1F-A26F-DF2D6D094635}.Debug|Any CPU.ActiveCfg = Debug|Any CPU
		{35CFEAC7-C667-4C1F-A26F-DF2D6D094635}.Debug|Any CPU.Build.0 = Debug|Any CPU
		{35CFEAC7-C667-4C1F-A26F-DF2D6D094635}.Release|Any CPU.ActiveCfg = Release|Any CPU
		{35CFEAC7-C667-4C1F-A26F-DF2D6D094635}.Release|Any CPU.Build.0 = Release|Any CPU
	EndGlobalSection
	GlobalSection(SolutionProperties) = preSolution
		HideSolutionNode = FALSE
	EndGlobalSection
EndGlobal
