
Microsoft Visual Studio Solution File, Format Version 12.00
# Visual Studio 15
VisualStudioVersion = 15.0.26020.0
MinimumVisualStudioVersion = 10.0.40219.1
Project("{FAE04EC0-301F-11D3-BF4B-00C04F79EFBC}") = "01CountRealNumbers", "01CountRealNumbers\01CountRealNumbers.csproj", "{4EC9A773-A048-4D0F-B925-69E8DD2D908D}"
EndProject
Project("{FAE04EC0-301F-11D3-BF4B-00C04F79EFBC}") = "03OddOccurrences", "03OddOccurrences\03OddOccurrences.csproj", "{1ED9D323-D553-46E3-B139-2EA503E6921E}"
EndProject
Project("{FAE04EC0-301F-11D3-BF4B-00C04F79EFBC}") = "05ShortWordsSorted", "05ShortWordsSorted\05ShortWordsSorted.csproj", "{70A3B30B-5871-4185-9E17-A2B9EE7A3487}"
EndProject
Project("{FAE04EC0-301F-11D3-BF4B-00C04F79EFBC}") = "06FoldАndSum", "06FoldАndSum\06FoldАndSum.csproj", "{EA86540A-D037-4F02-B9D3-3902A94E430D}"
EndProject
Global
	GlobalSection(SolutionConfigurationPlatforms) = preSolution
		Debug|Any CPU = Debug|Any CPU
		Release|Any CPU = Release|Any CPU
	EndGlobalSection
	GlobalSection(ProjectConfigurationPlatforms) = postSolution
		{4EC9A773-A048-4D0F-B925-69E8DD2D908D}.Debug|Any CPU.ActiveCfg = Debug|Any CPU
		{4EC9A773-A048-4D0F-B925-69E8DD2D908D}.Debug|Any CPU.Build.0 = Debug|Any CPU
		{4EC9A773-A048-4D0F-B925-69E8DD2D908D}.Release|Any CPU.ActiveCfg = Release|Any CPU
		{4EC9A773-A048-4D0F-B925-69E8DD2D908D}.Release|Any CPU.Build.0 = Release|Any CPU
		{1ED9D323-D553-46E3-B139-2EA503E6921E}.Debug|Any CPU.ActiveCfg = Debug|Any CPU
		{1ED9D323-D553-46E3-B139-2EA503E6921E}.Debug|Any CPU.Build.0 = Debug|Any CPU
		{1ED9D323-D553-46E3-B139-2EA503E6921E}.Release|Any CPU.ActiveCfg = Release|Any CPU
		{1ED9D323-D553-46E3-B139-2EA503E6921E}.Release|Any CPU.Build.0 = Release|Any CPU
		{70A3B30B-5871-4185-9E17-A2B9EE7A3487}.Debug|Any CPU.ActiveCfg = Debug|Any CPU
		{70A3B30B-5871-4185-9E17-A2B9EE7A3487}.Debug|Any CPU.Build.0 = Debug|Any CPU
		{70A3B30B-5871-4185-9E17-A2B9EE7A3487}.Release|Any CPU.ActiveCfg = Release|Any CPU
		{70A3B30B-5871-4185-9E17-A2B9EE7A3487}.Release|Any CPU.Build.0 = Release|Any CPU
		{EA86540A-D037-4F02-B9D3-3902A94E430D}.Debug|Any CPU.ActiveCfg = Debug|Any CPU
		{EA86540A-D037-4F02-B9D3-3902A94E430D}.Debug|Any CPU.Build.0 = Debug|Any CPU
		{EA86540A-D037-4F02-B9D3-3902A94E430D}.Release|Any CPU.ActiveCfg = Release|Any CPU
		{EA86540A-D037-4F02-B9D3-3902A94E430D}.Release|Any CPU.Build.0 = Release|Any CPU
	EndGlobalSection
	GlobalSection(SolutionProperties) = preSolution
		HideSolutionNode = FALSE
	EndGlobalSection
EndGlobal
