
Microsoft Visual Studio Solution File, Format Version 12.00
# Visual Studio 14
VisualStudioVersion = 14.0.25420.1
MinimumVisualStudioVersion = 10.0.40219.1
Project("{FAE04EC0-301F-11D3-BF4B-00C04F79EFBC}") = "01Numbers1To100", "01Numbers1To100\01Numbers1To100.csproj", "{145BAAB4-94ED-44FC-A32D-BE505FF01EF0}"
EndProject
Project("{FAE04EC0-301F-11D3-BF4B-00C04F79EFBC}") = "02NumbersEndingIn7", "02Numbers1To1000Divided7\02NumbersEndingIn7.csproj", "{AC455241-51BC-4CD7-A08D-6659C90C99AB}"
EndProject
Project("{FAE04EC0-301F-11D3-BF4B-00C04F79EFBC}") = "03Letter", "03Letter\03Letter.csproj", "{BCD73A1D-5F91-4039-A90B-44B983896894}"
EndProject
Project("{FAE04EC0-301F-11D3-BF4B-00C04F79EFBC}") = "04SumNumbers", "04SumNumbers\04SumNumbers.csproj", "{4DCEC89F-71DE-4182-8B42-A07A33589133}"
EndProject
Project("{FAE04EC0-301F-11D3-BF4B-00C04F79EFBC}") = "05MaxNumber", "05BiggestNumber\05MaxNumber.csproj", "{D46157EB-95A3-4D0B-ABFC-3C7F00F1BBA4}"
EndProject
Project("{FAE04EC0-301F-11D3-BF4B-00C04F79EFBC}") = "06MinNumber", "06SmalestNumber\06MinNumber.csproj", "{5FC71DFE-7A4B-45DC-A956-54599B8850EC}"
EndProject
Project("{FAE04EC0-301F-11D3-BF4B-00C04F79EFBC}") = "07LeftAndRightSum", "07LeftAndRightSum\07LeftAndRightSum.csproj", "{2595C5BC-0264-4DFC-9728-2E5AAB212C3C}"
EndProject
Project("{FAE04EC0-301F-11D3-BF4B-00C04F79EFBC}") = "08OddEvenSum", "08OddEvenSum\08OddEvenSum.csproj", "{BB304E1C-501F-4713-BFF3-8AE5F06CEB75}"
EndProject
Project("{FAE04EC0-301F-11D3-BF4B-00C04F79EFBC}") = "09VowelsSum", "09VowelsSum\09VowelsSum.csproj", "{73BA3336-CEF5-4971-A19E-5FB5D3092183}"
EndProject
Project("{FAE04EC0-301F-11D3-BF4B-00C04F79EFBC}") = "10HalfSumElement", "10HalfSumElement\10HalfSumElement.csproj", "{9BDCCB4E-3BD0-4F5E-BD69-CB9BDF06F25E}"
EndProject
Project("{FAE04EC0-301F-11D3-BF4B-00C04F79EFBC}") = "11OddEvenPosition", "11OddEvenPosition\11OddEvenPosition.csproj", "{A6B40CC4-1848-49F3-B7C6-8715D5040624}"
EndProject
Project("{FAE04EC0-301F-11D3-BF4B-00C04F79EFBC}") = "12EqualPairs", "12EqualPairs\12EqualPairs.csproj", "{0E5ADB43-F43D-470C-881B-64BA4E35A7B4}"
EndProject
Global
	GlobalSection(SolutionConfigurationPlatforms) = preSolution
		Debug|Any CPU = Debug|Any CPU
		Release|Any CPU = Release|Any CPU
	EndGlobalSection
	GlobalSection(ProjectConfigurationPlatforms) = postSolution
		{145BAAB4-94ED-44FC-A32D-BE505FF01EF0}.Debug|Any CPU.ActiveCfg = Debug|Any CPU
		{145BAAB4-94ED-44FC-A32D-BE505FF01EF0}.Debug|Any CPU.Build.0 = Debug|Any CPU
		{145BAAB4-94ED-44FC-A32D-BE505FF01EF0}.Release|Any CPU.ActiveCfg = Release|Any CPU
		{145BAAB4-94ED-44FC-A32D-BE505FF01EF0}.Release|Any CPU.Build.0 = Release|Any CPU
		{AC455241-51BC-4CD7-A08D-6659C90C99AB}.Debug|Any CPU.ActiveCfg = Debug|Any CPU
		{AC455241-51BC-4CD7-A08D-6659C90C99AB}.Debug|Any CPU.Build.0 = Debug|Any CPU
		{AC455241-51BC-4CD7-A08D-6659C90C99AB}.Release|Any CPU.ActiveCfg = Release|Any CPU
		{AC455241-51BC-4CD7-A08D-6659C90C99AB}.Release|Any CPU.Build.0 = Release|Any CPU
		{BCD73A1D-5F91-4039-A90B-44B983896894}.Debug|Any CPU.ActiveCfg = Debug|Any CPU
		{BCD73A1D-5F91-4039-A90B-44B983896894}.Debug|Any CPU.Build.0 = Debug|Any CPU
		{BCD73A1D-5F91-4039-A90B-44B983896894}.Release|Any CPU.ActiveCfg = Release|Any CPU
		{BCD73A1D-5F91-4039-A90B-44B983896894}.Release|Any CPU.Build.0 = Release|Any CPU
		{4DCEC89F-71DE-4182-8B42-A07A33589133}.Debug|Any CPU.ActiveCfg = Debug|Any CPU
		{4DCEC89F-71DE-4182-8B42-A07A33589133}.Debug|Any CPU.Build.0 = Debug|Any CPU
		{4DCEC89F-71DE-4182-8B42-A07A33589133}.Release|Any CPU.ActiveCfg = Release|Any CPU
		{4DCEC89F-71DE-4182-8B42-A07A33589133}.Release|Any CPU.Build.0 = Release|Any CPU
		{D46157EB-95A3-4D0B-ABFC-3C7F00F1BBA4}.Debug|Any CPU.ActiveCfg = Debug|Any CPU
		{D46157EB-95A3-4D0B-ABFC-3C7F00F1BBA4}.Debug|Any CPU.Build.0 = Debug|Any CPU
		{D46157EB-95A3-4D0B-ABFC-3C7F00F1BBA4}.Release|Any CPU.ActiveCfg = Release|Any CPU
		{D46157EB-95A3-4D0B-ABFC-3C7F00F1BBA4}.Release|Any CPU.Build.0 = Release|Any CPU
		{5FC71DFE-7A4B-45DC-A956-54599B8850EC}.Debug|Any CPU.ActiveCfg = Debug|Any CPU
		{5FC71DFE-7A4B-45DC-A956-54599B8850EC}.Debug|Any CPU.Build.0 = Debug|Any CPU
		{5FC71DFE-7A4B-45DC-A956-54599B8850EC}.Release|Any CPU.ActiveCfg = Release|Any CPU
		{5FC71DFE-7A4B-45DC-A956-54599B8850EC}.Release|Any CPU.Build.0 = Release|Any CPU
		{2595C5BC-0264-4DFC-9728-2E5AAB212C3C}.Debug|Any CPU.ActiveCfg = Debug|Any CPU
		{2595C5BC-0264-4DFC-9728-2E5AAB212C3C}.Debug|Any CPU.Build.0 = Debug|Any CPU
		{2595C5BC-0264-4DFC-9728-2E5AAB212C3C}.Release|Any CPU.ActiveCfg = Release|Any CPU
		{2595C5BC-0264-4DFC-9728-2E5AAB212C3C}.Release|Any CPU.Build.0 = Release|Any CPU
		{BB304E1C-501F-4713-BFF3-8AE5F06CEB75}.Debug|Any CPU.ActiveCfg = Debug|Any CPU
		{BB304E1C-501F-4713-BFF3-8AE5F06CEB75}.Debug|Any CPU.Build.0 = Debug|Any CPU
		{BB304E1C-501F-4713-BFF3-8AE5F06CEB75}.Release|Any CPU.ActiveCfg = Release|Any CPU
		{BB304E1C-501F-4713-BFF3-8AE5F06CEB75}.Release|Any CPU.Build.0 = Release|Any CPU
		{73BA3336-CEF5-4971-A19E-5FB5D3092183}.Debug|Any CPU.ActiveCfg = Debug|Any CPU
		{73BA3336-CEF5-4971-A19E-5FB5D3092183}.Debug|Any CPU.Build.0 = Debug|Any CPU
		{73BA3336-CEF5-4971-A19E-5FB5D3092183}.Release|Any CPU.ActiveCfg = Release|Any CPU
		{73BA3336-CEF5-4971-A19E-5FB5D3092183}.Release|Any CPU.Build.0 = Release|Any CPU
		{9BDCCB4E-3BD0-4F5E-BD69-CB9BDF06F25E}.Debug|Any CPU.ActiveCfg = Debug|Any CPU
		{9BDCCB4E-3BD0-4F5E-BD69-CB9BDF06F25E}.Debug|Any CPU.Build.0 = Debug|Any CPU
		{9BDCCB4E-3BD0-4F5E-BD69-CB9BDF06F25E}.Release|Any CPU.ActiveCfg = Release|Any CPU
		{9BDCCB4E-3BD0-4F5E-BD69-CB9BDF06F25E}.Release|Any CPU.Build.0 = Release|Any CPU
		{A6B40CC4-1848-49F3-B7C6-8715D5040624}.Debug|Any CPU.ActiveCfg = Debug|Any CPU
		{A6B40CC4-1848-49F3-B7C6-8715D5040624}.Debug|Any CPU.Build.0 = Debug|Any CPU
		{A6B40CC4-1848-49F3-B7C6-8715D5040624}.Release|Any CPU.ActiveCfg = Release|Any CPU
		{A6B40CC4-1848-49F3-B7C6-8715D5040624}.Release|Any CPU.Build.0 = Release|Any CPU
		{0E5ADB43-F43D-470C-881B-64BA4E35A7B4}.Debug|Any CPU.ActiveCfg = Debug|Any CPU
		{0E5ADB43-F43D-470C-881B-64BA4E35A7B4}.Debug|Any CPU.Build.0 = Debug|Any CPU
		{0E5ADB43-F43D-470C-881B-64BA4E35A7B4}.Release|Any CPU.ActiveCfg = Release|Any CPU
		{0E5ADB43-F43D-470C-881B-64BA4E35A7B4}.Release|Any CPU.Build.0 = Release|Any CPU
	EndGlobalSection
	GlobalSection(SolutionProperties) = preSolution
		HideSolutionNode = FALSE
	EndGlobalSection
EndGlobal
