
Microsoft Visual Studio Solution File, Format Version 12.00
# Visual Studio 14
VisualStudioVersion = 14.0.25420.1
MinimumVisualStudioVersion = 10.0.40219.1
Project("{FAE04EC0-301F-11D3-BF4B-00C04F79EFBC}") = "01InstructionSet", "01InstructionSet\01InstructionSet.csproj", "{11A93623-77E2-4C36-A64A-20A2EC119304}"
EndProject
Project("{FAE04EC0-301F-11D3-BF4B-00C04F79EFBC}") = "02BePositive", "02BePositive\02BePositive.csproj", "{4305DE12-34A3-4D4C-9516-F7665190CFE3}"
EndProject
Global
	GlobalSection(SolutionConfigurationPlatforms) = preSolution
		Debug|Any CPU = Debug|Any CPU
		Release|Any CPU = Release|Any CPU
	EndGlobalSection
	GlobalSection(ProjectConfigurationPlatforms) = postSolution
		{11A93623-77E2-4C36-A64A-20A2EC119304}.Debug|Any CPU.ActiveCfg = Debug|Any CPU
		{11A93623-77E2-4C36-A64A-20A2EC119304}.Debug|Any CPU.Build.0 = Debug|Any CPU
		{11A93623-77E2-4C36-A64A-20A2EC119304}.Release|Any CPU.ActiveCfg = Release|Any CPU
		{11A93623-77E2-4C36-A64A-20A2EC119304}.Release|Any CPU.Build.0 = Release|Any CPU
		{4305DE12-34A3-4D4C-9516-F7665190CFE3}.Debug|Any CPU.ActiveCfg = Debug|Any CPU
		{4305DE12-34A3-4D4C-9516-F7665190CFE3}.Debug|Any CPU.Build.0 = Debug|Any CPU
		{4305DE12-34A3-4D4C-9516-F7665190CFE3}.Release|Any CPU.ActiveCfg = Release|Any CPU
		{4305DE12-34A3-4D4C-9516-F7665190CFE3}.Release|Any CPU.Build.0 = Release|Any CPU
	EndGlobalSection
	GlobalSection(SolutionProperties) = preSolution
		HideSolutionNode = FALSE
	EndGlobalSection
EndGlobal
