
Microsoft Visual Studio Solution File, Format Version 12.00
# Visual Studio 14
VisualStudioVersion = 14.0.25420.1
MinimumVisualStudioVersion = 10.0.40219.1
Project("{FAE04EC0-301F-11D3-BF4B-00C04F79EFBC}") = "01RemoveNegativesAndReverse", "01RemoveNegativesAndReverse\01RemoveNegativesAndReverse.csproj", "{CE78022C-1E04-42C0-854F-8AD26185D432}"
EndProject
Project("{FAE04EC0-301F-11D3-BF4B-00C04F79EFBC}") = "02AppendLists", "02AppendLists\02AppendLists.csproj", "{9A7811FF-435C-48AA-850B-DB910DDF2877}"
EndProject
Project("{FAE04EC0-301F-11D3-BF4B-00C04F79EFBC}") = "03SumAdjacentEqualNumbers", "03SumAdjacentEqualNumbers\03SumAdjacentEqualNumbers.csproj", "{979946EC-C763-4317-AA50-5011D578BF7B}"
EndProject
Project("{FAE04EC0-301F-11D3-BF4B-00C04F79EFBC}") = "04SplitByWordCasing", "04SplitByWordCasing\04SplitByWordCasing.csproj", "{F3733AC7-D3B2-4A81-8A8B-19ED9F59BAAB}"
EndProject
Project("{FAE04EC0-301F-11D3-BF4B-00C04F79EFBC}") = "05SortNumbers", "05SortNumbers\05SortNumbers.csproj", "{445A2128-9DB6-439E-BED3-872FED201CA9}"
EndProject
Project("{FAE04EC0-301F-11D3-BF4B-00C04F79EFBC}") = "06SquareNumbers", "06SquareNumbers\06SquareNumbers.csproj", "{CA0378D4-E01A-4DFD-8F69-32077A60E48E}"
EndProject
Project("{FAE04EC0-301F-11D3-BF4B-00C04F79EFBC}") = "07CountNumbers", "07CountNumbers\07CountNumbers.csproj", "{46244065-5E28-4622-872A-1637E5F41C16}"
EndProject
Project("{FAE04EC0-301F-11D3-BF4B-00C04F79EFBC}") = "08BuildAMatrixOfLetters", "08BuildAMatrixOfLetters\08BuildAMatrixOfLetters.csproj", "{572A2C08-6A7A-4533-889F-23E90CC0782E}"
EndProject
Project("{FAE04EC0-301F-11D3-BF4B-00C04F79EFBC}") = "09RotateAMatrix", "09RotateAMatrix\09RotateAMatrix.csproj", "{EA879F20-FA3E-48C0-AFB5-E01F6A6204FB}"
EndProject
Global
	GlobalSection(SolutionConfigurationPlatforms) = preSolution
		Debug|Any CPU = Debug|Any CPU
		Release|Any CPU = Release|Any CPU
	EndGlobalSection
	GlobalSection(ProjectConfigurationPlatforms) = postSolution
		{CE78022C-1E04-42C0-854F-8AD26185D432}.Debug|Any CPU.ActiveCfg = Debug|Any CPU
		{CE78022C-1E04-42C0-854F-8AD26185D432}.Debug|Any CPU.Build.0 = Debug|Any CPU
		{CE78022C-1E04-42C0-854F-8AD26185D432}.Release|Any CPU.ActiveCfg = Release|Any CPU
		{CE78022C-1E04-42C0-854F-8AD26185D432}.Release|Any CPU.Build.0 = Release|Any CPU
		{9A7811FF-435C-48AA-850B-DB910DDF2877}.Debug|Any CPU.ActiveCfg = Debug|Any CPU
		{9A7811FF-435C-48AA-850B-DB910DDF2877}.Debug|Any CPU.Build.0 = Debug|Any CPU
		{9A7811FF-435C-48AA-850B-DB910DDF2877}.Release|Any CPU.ActiveCfg = Release|Any CPU
		{9A7811FF-435C-48AA-850B-DB910DDF2877}.Release|Any CPU.Build.0 = Release|Any CPU
		{979946EC-C763-4317-AA50-5011D578BF7B}.Debug|Any CPU.ActiveCfg = Debug|Any CPU
		{979946EC-C763-4317-AA50-5011D578BF7B}.Debug|Any CPU.Build.0 = Debug|Any CPU
		{979946EC-C763-4317-AA50-5011D578BF7B}.Release|Any CPU.ActiveCfg = Release|Any CPU
		{979946EC-C763-4317-AA50-5011D578BF7B}.Release|Any CPU.Build.0 = Release|Any CPU
		{F3733AC7-D3B2-4A81-8A8B-19ED9F59BAAB}.Debug|Any CPU.ActiveCfg = Debug|Any CPU
		{F3733AC7-D3B2-4A81-8A8B-19ED9F59BAAB}.Debug|Any CPU.Build.0 = Debug|Any CPU
		{F3733AC7-D3B2-4A81-8A8B-19ED9F59BAAB}.Release|Any CPU.ActiveCfg = Release|Any CPU
		{F3733AC7-D3B2-4A81-8A8B-19ED9F59BAAB}.Release|Any CPU.Build.0 = Release|Any CPU
		{445A2128-9DB6-439E-BED3-872FED201CA9}.Debug|Any CPU.ActiveCfg = Debug|Any CPU
		{445A2128-9DB6-439E-BED3-872FED201CA9}.Debug|Any CPU.Build.0 = Debug|Any CPU
		{445A2128-9DB6-439E-BED3-872FED201CA9}.Release|Any CPU.ActiveCfg = Release|Any CPU
		{445A2128-9DB6-439E-BED3-872FED201CA9}.Release|Any CPU.Build.0 = Release|Any CPU
		{CA0378D4-E01A-4DFD-8F69-32077A60E48E}.Debug|Any CPU.ActiveCfg = Debug|Any CPU
		{CA0378D4-E01A-4DFD-8F69-32077A60E48E}.Debug|Any CPU.Build.0 = Debug|Any CPU
		{CA0378D4-E01A-4DFD-8F69-32077A60E48E}.Release|Any CPU.ActiveCfg = Release|Any CPU
		{CA0378D4-E01A-4DFD-8F69-32077A60E48E}.Release|Any CPU.Build.0 = Release|Any CPU
		{46244065-5E28-4622-872A-1637E5F41C16}.Debug|Any CPU.ActiveCfg = Debug|Any CPU
		{46244065-5E28-4622-872A-1637E5F41C16}.Debug|Any CPU.Build.0 = Debug|Any CPU
		{46244065-5E28-4622-872A-1637E5F41C16}.Release|Any CPU.ActiveCfg = Release|Any CPU
		{46244065-5E28-4622-872A-1637E5F41C16}.Release|Any CPU.Build.0 = Release|Any CPU
		{572A2C08-6A7A-4533-889F-23E90CC0782E}.Debug|Any CPU.ActiveCfg = Debug|Any CPU
		{572A2C08-6A7A-4533-889F-23E90CC0782E}.Debug|Any CPU.Build.0 = Debug|Any CPU
		{572A2C08-6A7A-4533-889F-23E90CC0782E}.Release|Any CPU.ActiveCfg = Release|Any CPU
		{572A2C08-6A7A-4533-889F-23E90CC0782E}.Release|Any CPU.Build.0 = Release|Any CPU
		{EA879F20-FA3E-48C0-AFB5-E01F6A6204FB}.Debug|Any CPU.ActiveCfg = Debug|Any CPU
		{EA879F20-FA3E-48C0-AFB5-E01F6A6204FB}.Debug|Any CPU.Build.0 = Debug|Any CPU
		{EA879F20-FA3E-48C0-AFB5-E01F6A6204FB}.Release|Any CPU.ActiveCfg = Release|Any CPU
		{EA879F20-FA3E-48C0-AFB5-E01F6A6204FB}.Release|Any CPU.Build.0 = Release|Any CPU
	EndGlobalSection
	GlobalSection(SolutionProperties) = preSolution
		HideSolutionNode = FALSE
	EndGlobalSection
EndGlobal
