
Microsoft Visual Studio Solution File, Format Version 12.00
# Visual Studio 14
VisualStudioVersion = 14.0.25420.1
MinimumVisualStudioVersion = 10.0.40219.1
Project("{FAE04EC0-301F-11D3-BF4B-00C04F79EFBC}") = "101StrangelandNumbers", "101\101StrangelandNumbers.csproj", "{40D948AB-44BD-442A-A06D-48A3651DB7C1}"
EndProject
Project("{FAE04EC0-301F-11D3-BF4B-00C04F79EFBC}") = "102MultiverseCommunication", "102MultiverseCommunication\102MultiverseCommunication.csproj", "{778DC008-3851-4920-9E1A-4BDF32DBB133}"
EndProject
Project("{FAE04EC0-301F-11D3-BF4B-00C04F79EFBC}") = "103Zerg", "103Zerg\103Zerg.csproj", "{29FBD4F0-0EF9-468D-8032-67C52BF4611D}"
EndProject
Project("{FAE04EC0-301F-11D3-BF4B-00C04F79EFBC}") = "104Tres4Numbers", "104Tres4Numbers\104Tres4Numbers.csproj", "{4A07D4B7-F7D9-4E1B-8050-340513F0DB7F}"
EndProject
Project("{FAE04EC0-301F-11D3-BF4B-00C04F79EFBC}") = "105CalculationProblem", "105CalculationProblem\105CalculationProblem.csproj", "{BEBCB55E-F1D3-486A-B546-67B78BF8ED10}"
EndProject
Project("{FAE04EC0-301F-11D3-BF4B-00C04F79EFBC}") = "106KaspichanNumbers", "106KaspichanNumbers\106KaspichanNumbers.csproj", "{6E7E7B52-6E80-40D6-AA5D-08ED6A5AF153}"
EndProject
Project("{FAE04EC0-301F-11D3-BF4B-00C04F79EFBC}") = "107NineGagNumbers", "107NineGagNumbers\107NineGagNumbers.csproj", "{E7F92051-E7C0-457D-8654-EACE63E25AFA}"
EndProject
Project("{FAE04EC0-301F-11D3-BF4B-00C04F79EFBC}") = "201MovingLetters", "201MovingLetters\201MovingLetters.csproj", "{53867AEF-9D7B-47B8-80D8-48BB18C875BB}"
EndProject
Project("{FAE04EC0-301F-11D3-BF4B-00C04F79EFBC}") = "202MagicWords", "202MagicWords\202MagicWords.csproj", "{E42FAFE6-7A2F-495D-AD08-D217DB9336F7}"
EndProject
Project("{FAE04EC0-301F-11D3-BF4B-00C04F79EFBC}") = "203TwoGirlsOnePath", "203TwoGirlsOnePath\203TwoGirlsOnePath.csproj", "{A1BF049B-6CF6-4382-8A1C-7E80324F7EA0}"
EndProject
Project("{FAE04EC0-301F-11D3-BF4B-00C04F79EFBC}") = "301Laser", "301Laser\301Laser.csproj", "{FC885DBF-ADFF-4198-BCC4-3E5ABCDFB6C1}"
EndProject
Project("{FAE04EC0-301F-11D3-BF4B-00C04F79EFBC}") = "108DurankulakNumbers", "108DurankulakNumbers\108DurankulakNumbers.csproj", "{DB4576E2-19BB-4EB3-BF47-F0B253E4B318}"
EndProject
Project("{FAE04EC0-301F-11D3-BF4B-00C04F79EFBC}") = "204GreedyDwarf", "204GreedyDwarf\204GreedyDwarf.csproj", "{1FEBC4FB-64BD-4BFB-8476-90BC18E3FFA3}"
EndProject
Project("{FAE04EC0-301F-11D3-BF4B-00C04F79EFBC}") = "109GenomeDecoder", "109GenomeDecoder\109GenomeDecoder.csproj", "{3BCF0330-A71C-4248-93A5-C8ED21C8EE6D}"
EndProject
Project("{FAE04EC0-301F-11D3-BF4B-00C04F79EFBC}") = "205SpecialValue", "205SpecialValue\205SpecialValue.csproj", "{02104684-0EC9-420B-A57C-316EFF26FB7C}"
EndProject
Project("{FAE04EC0-301F-11D3-BF4B-00C04F79EFBC}") = "02SquareArea", "..\SoftUni\02SimpleCalculations\02SquareArea\02SquareArea.csproj", "{D037798C-E43E-4849-B6BE-756ABDCE7F62}"
EndProject
Project("{FAE04EC0-301F-11D3-BF4B-00C04F79EFBC}") = "03InchesToCentimeters", "..\SoftUni\02SimpleCalculations\03InchesToCentimeters\03InchesToCentimeters.csproj", "{6B92F55D-1054-4C41-BB22-39446CE1BD54}"
EndProject
Project("{FAE04EC0-301F-11D3-BF4B-00C04F79EFBC}") = "04Greeting", "..\SoftUni\02SimpleCalculations\04Greeting\04Greeting.csproj", "{3C595BCA-15D1-424C-94E9-3A26282276F5}"
EndProject
Project("{FAE04EC0-301F-11D3-BF4B-00C04F79EFBC}") = "05TrapezoidArea", "..\SoftUni\02SimpleCalculations\05TrapezoidArea\05TrapezoidArea.csproj", "{A47816DA-A2C7-46A9-BB50-A2E47A12A106}"
EndProject
Project("{FAE04EC0-301F-11D3-BF4B-00C04F79EFBC}") = "06ConcatenateData", "..\SoftUni\02SimpleCalculations\06ConcatenateData\06ConcatenateData.csproj", "{E707ACFF-0D76-4A5B-AE77-D46B60AD1602}"
EndProject
Project("{FAE04EC0-301F-11D3-BF4B-00C04F79EFBC}") = "07CircleAreaAndPerimeter", "..\SoftUni\02SimpleCalculations\07CircleAreaAndPerimeter\07CircleAreaAndPerimeter.csproj", "{DFAE6490-1C88-434F-B7F0-90FC9866F4CF}"
EndProject
Project("{FAE04EC0-301F-11D3-BF4B-00C04F79EFBC}") = "082DRectangleArea", "..\SoftUni\02SimpleCalculations\082DRectangleArea\082DRectangleArea.csproj", "{E5CD8251-23F3-49E3-9B02-C6CB51D66861}"
EndProject
Project("{FAE04EC0-301F-11D3-BF4B-00C04F79EFBC}") = "10TriangleArea", "..\SoftUni\02SimpleCalculations\10TriangleArea\10TriangleArea.csproj", "{DB6FA9E1-9D3F-4707-B5EE-C714034D98D1}"
EndProject
Project("{FAE04EC0-301F-11D3-BF4B-00C04F79EFBC}") = "11CelsiusToFahrenheit", "..\SoftUni\02SimpleCalculations\11CelsiusToFahrenheit\11CelsiusToFahrenheit.csproj", "{E9D77AE5-4D15-485E-9594-B1482DEBDBC0}"
EndProject
Project("{FAE04EC0-301F-11D3-BF4B-00C04F79EFBC}") = "12RadiansToDegrees", "..\SoftUni\02SimpleCalculations\12RadiansToDegrees\12RadiansToDegrees.csproj", "{8B969153-8BB1-4500-B1B2-9490F130396C}"
EndProject
Project("{FAE04EC0-301F-11D3-BF4B-00C04F79EFBC}") = "13USDToBGN", "..\SoftUni\02SimpleCalculations\13USDToBGN\13USDToBGN.csproj", "{66B100E5-961C-4BFA-88D5-9D5D2765059D}"
EndProject
Project("{FAE04EC0-301F-11D3-BF4B-00C04F79EFBC}") = "14CurrencyConverter", "..\SoftUni\02SimpleCalculations\14CurrencyConverter\14CurrencyConverter.csproj", "{CB3BAD35-9D74-4A4D-BF78-A1C75E1B42B6}"
EndProject
Project("{FAE04EC0-301F-11D3-BF4B-00C04F79EFBC}") = "15DaysAfterBirth", "..\SoftUni\02SimpleCalculations\15DaysAfterBirth\15DaysAfterBirth.csproj", "{D06DE44D-2082-4805-8F88-31423077C25F}"
EndProject
Project("{FAE04EC0-301F-11D3-BF4B-00C04F79EFBC}") = "09BGNToEURConverter", "..\SoftUni\02SimpleCalculations\09BGNToEURConverter\09BGNToEURConverter.csproj", "{BB40A85B-B05B-4144-8258-20E53ABAE43F}"
EndProject
Global
	GlobalSection(SolutionConfigurationPlatforms) = preSolution
		Debug|Any CPU = Debug|Any CPU
		Release|Any CPU = Release|Any CPU
	EndGlobalSection
	GlobalSection(ProjectConfigurationPlatforms) = postSolution
		{40D948AB-44BD-442A-A06D-48A3651DB7C1}.Debug|Any CPU.ActiveCfg = Release|Any CPU
		{40D948AB-44BD-442A-A06D-48A3651DB7C1}.Debug|Any CPU.Build.0 = Release|Any CPU
		{40D948AB-44BD-442A-A06D-48A3651DB7C1}.Release|Any CPU.ActiveCfg = Release|Any CPU
		{40D948AB-44BD-442A-A06D-48A3651DB7C1}.Release|Any CPU.Build.0 = Release|Any CPU
		{778DC008-3851-4920-9E1A-4BDF32DBB133}.Debug|Any CPU.ActiveCfg = Release|Any CPU
		{778DC008-3851-4920-9E1A-4BDF32DBB133}.Debug|Any CPU.Build.0 = Release|Any CPU
		{778DC008-3851-4920-9E1A-4BDF32DBB133}.Release|Any CPU.ActiveCfg = Release|Any CPU
		{778DC008-3851-4920-9E1A-4BDF32DBB133}.Release|Any CPU.Build.0 = Release|Any CPU
		{29FBD4F0-0EF9-468D-8032-67C52BF4611D}.Debug|Any CPU.ActiveCfg = Debug|Any CPU
		{29FBD4F0-0EF9-468D-8032-67C52BF4611D}.Debug|Any CPU.Build.0 = Debug|Any CPU
		{29FBD4F0-0EF9-468D-8032-67C52BF4611D}.Release|Any CPU.ActiveCfg = Release|Any CPU
		{29FBD4F0-0EF9-468D-8032-67C52BF4611D}.Release|Any CPU.Build.0 = Release|Any CPU
		{4A07D4B7-F7D9-4E1B-8050-340513F0DB7F}.Debug|Any CPU.ActiveCfg = Debug|Any CPU
		{4A07D4B7-F7D9-4E1B-8050-340513F0DB7F}.Debug|Any CPU.Build.0 = Debug|Any CPU
		{4A07D4B7-F7D9-4E1B-8050-340513F0DB7F}.Release|Any CPU.ActiveCfg = Release|Any CPU
		{4A07D4B7-F7D9-4E1B-8050-340513F0DB7F}.Release|Any CPU.Build.0 = Release|Any CPU
		{BEBCB55E-F1D3-486A-B546-67B78BF8ED10}.Debug|Any CPU.ActiveCfg = Debug|Any CPU
		{BEBCB55E-F1D3-486A-B546-67B78BF8ED10}.Debug|Any CPU.Build.0 = Debug|Any CPU
		{BEBCB55E-F1D3-486A-B546-67B78BF8ED10}.Release|Any CPU.ActiveCfg = Release|Any CPU
		{BEBCB55E-F1D3-486A-B546-67B78BF8ED10}.Release|Any CPU.Build.0 = Release|Any CPU
		{6E7E7B52-6E80-40D6-AA5D-08ED6A5AF153}.Debug|Any CPU.ActiveCfg = Debug|Any CPU
		{6E7E7B52-6E80-40D6-AA5D-08ED6A5AF153}.Debug|Any CPU.Build.0 = Debug|Any CPU
		{6E7E7B52-6E80-40D6-AA5D-08ED6A5AF153}.Release|Any CPU.ActiveCfg = Release|Any CPU
		{6E7E7B52-6E80-40D6-AA5D-08ED6A5AF153}.Release|Any CPU.Build.0 = Release|Any CPU
		{E7F92051-E7C0-457D-8654-EACE63E25AFA}.Debug|Any CPU.ActiveCfg = Debug|Any CPU
		{E7F92051-E7C0-457D-8654-EACE63E25AFA}.Debug|Any CPU.Build.0 = Debug|Any CPU
		{E7F92051-E7C0-457D-8654-EACE63E25AFA}.Release|Any CPU.ActiveCfg = Release|Any CPU
		{E7F92051-E7C0-457D-8654-EACE63E25AFA}.Release|Any CPU.Build.0 = Release|Any CPU
		{53867AEF-9D7B-47B8-80D8-48BB18C875BB}.Debug|Any CPU.ActiveCfg = Debug|Any CPU
		{53867AEF-9D7B-47B8-80D8-48BB18C875BB}.Debug|Any CPU.Build.0 = Debug|Any CPU
		{53867AEF-9D7B-47B8-80D8-48BB18C875BB}.Release|Any CPU.ActiveCfg = Release|Any CPU
		{53867AEF-9D7B-47B8-80D8-48BB18C875BB}.Release|Any CPU.Build.0 = Release|Any CPU
		{E42FAFE6-7A2F-495D-AD08-D217DB9336F7}.Debug|Any CPU.ActiveCfg = Debug|Any CPU
		{E42FAFE6-7A2F-495D-AD08-D217DB9336F7}.Debug|Any CPU.Build.0 = Debug|Any CPU
		{E42FAFE6-7A2F-495D-AD08-D217DB9336F7}.Release|Any CPU.ActiveCfg = Release|Any CPU
		{E42FAFE6-7A2F-495D-AD08-D217DB9336F7}.Release|Any CPU.Build.0 = Release|Any CPU
		{A1BF049B-6CF6-4382-8A1C-7E80324F7EA0}.Debug|Any CPU.ActiveCfg = Debug|Any CPU
		{A1BF049B-6CF6-4382-8A1C-7E80324F7EA0}.Debug|Any CPU.Build.0 = Debug|Any CPU
		{A1BF049B-6CF6-4382-8A1C-7E80324F7EA0}.Release|Any CPU.ActiveCfg = Release|Any CPU
		{A1BF049B-6CF6-4382-8A1C-7E80324F7EA0}.Release|Any CPU.Build.0 = Release|Any CPU
		{FC885DBF-ADFF-4198-BCC4-3E5ABCDFB6C1}.Debug|Any CPU.ActiveCfg = Debug|Any CPU
		{FC885DBF-ADFF-4198-BCC4-3E5ABCDFB6C1}.Debug|Any CPU.Build.0 = Debug|Any CPU
		{FC885DBF-ADFF-4198-BCC4-3E5ABCDFB6C1}.Release|Any CPU.ActiveCfg = Release|Any CPU
		{FC885DBF-ADFF-4198-BCC4-3E5ABCDFB6C1}.Release|Any CPU.Build.0 = Release|Any CPU
		{DB4576E2-19BB-4EB3-BF47-F0B253E4B318}.Debug|Any CPU.ActiveCfg = Debug|Any CPU
		{DB4576E2-19BB-4EB3-BF47-F0B253E4B318}.Debug|Any CPU.Build.0 = Debug|Any CPU
		{DB4576E2-19BB-4EB3-BF47-F0B253E4B318}.Release|Any CPU.ActiveCfg = Release|Any CPU
		{DB4576E2-19BB-4EB3-BF47-F0B253E4B318}.Release|Any CPU.Build.0 = Release|Any CPU
		{1FEBC4FB-64BD-4BFB-8476-90BC18E3FFA3}.Debug|Any CPU.ActiveCfg = Debug|Any CPU
		{1FEBC4FB-64BD-4BFB-8476-90BC18E3FFA3}.Debug|Any CPU.Build.0 = Debug|Any CPU
		{1FEBC4FB-64BD-4BFB-8476-90BC18E3FFA3}.Release|Any CPU.ActiveCfg = Release|Any CPU
		{1FEBC4FB-64BD-4BFB-8476-90BC18E3FFA3}.Release|Any CPU.Build.0 = Release|Any CPU
		{3BCF0330-A71C-4248-93A5-C8ED21C8EE6D}.Debug|Any CPU.ActiveCfg = Debug|Any CPU
		{3BCF0330-A71C-4248-93A5-C8ED21C8EE6D}.Debug|Any CPU.Build.0 = Debug|Any CPU
		{3BCF0330-A71C-4248-93A5-C8ED21C8EE6D}.Release|Any CPU.ActiveCfg = Release|Any CPU
		{3BCF0330-A71C-4248-93A5-C8ED21C8EE6D}.Release|Any CPU.Build.0 = Release|Any CPU
		{02104684-0EC9-420B-A57C-316EFF26FB7C}.Debug|Any CPU.ActiveCfg = Debug|Any CPU
		{02104684-0EC9-420B-A57C-316EFF26FB7C}.Debug|Any CPU.Build.0 = Debug|Any CPU
		{02104684-0EC9-420B-A57C-316EFF26FB7C}.Release|Any CPU.ActiveCfg = Release|Any CPU
		{02104684-0EC9-420B-A57C-316EFF26FB7C}.Release|Any CPU.Build.0 = Release|Any CPU
		{D037798C-E43E-4849-B6BE-756ABDCE7F62}.Debug|Any CPU.ActiveCfg = Debug|Any CPU
		{D037798C-E43E-4849-B6BE-756ABDCE7F62}.Debug|Any CPU.Build.0 = Debug|Any CPU
		{D037798C-E43E-4849-B6BE-756ABDCE7F62}.Release|Any CPU.ActiveCfg = Release|Any CPU
		{D037798C-E43E-4849-B6BE-756ABDCE7F62}.Release|Any CPU.Build.0 = Release|Any CPU
		{6B92F55D-1054-4C41-BB22-39446CE1BD54}.Debug|Any CPU.ActiveCfg = Debug|Any CPU
		{6B92F55D-1054-4C41-BB22-39446CE1BD54}.Debug|Any CPU.Build.0 = Debug|Any CPU
		{6B92F55D-1054-4C41-BB22-39446CE1BD54}.Release|Any CPU.ActiveCfg = Release|Any CPU
		{6B92F55D-1054-4C41-BB22-39446CE1BD54}.Release|Any CPU.Build.0 = Release|Any CPU
		{3C595BCA-15D1-424C-94E9-3A26282276F5}.Debug|Any CPU.ActiveCfg = Debug|Any CPU
		{3C595BCA-15D1-424C-94E9-3A26282276F5}.Debug|Any CPU.Build.0 = Debug|Any CPU
		{3C595BCA-15D1-424C-94E9-3A26282276F5}.Release|Any CPU.ActiveCfg = Release|Any CPU
		{3C595BCA-15D1-424C-94E9-3A26282276F5}.Release|Any CPU.Build.0 = Release|Any CPU
		{A47816DA-A2C7-46A9-BB50-A2E47A12A106}.Debug|Any CPU.ActiveCfg = Debug|Any CPU
		{A47816DA-A2C7-46A9-BB50-A2E47A12A106}.Debug|Any CPU.Build.0 = Debug|Any CPU
		{A47816DA-A2C7-46A9-BB50-A2E47A12A106}.Release|Any CPU.ActiveCfg = Release|Any CPU
		{A47816DA-A2C7-46A9-BB50-A2E47A12A106}.Release|Any CPU.Build.0 = Release|Any CPU
		{E707ACFF-0D76-4A5B-AE77-D46B60AD1602}.Debug|Any CPU.ActiveCfg = Debug|Any CPU
		{E707ACFF-0D76-4A5B-AE77-D46B60AD1602}.Debug|Any CPU.Build.0 = Debug|Any CPU
		{E707ACFF-0D76-4A5B-AE77-D46B60AD1602}.Release|Any CPU.ActiveCfg = Release|Any CPU
		{E707ACFF-0D76-4A5B-AE77-D46B60AD1602}.Release|Any CPU.Build.0 = Release|Any CPU
		{DFAE6490-1C88-434F-B7F0-90FC9866F4CF}.Debug|Any CPU.ActiveCfg = Debug|Any CPU
		{DFAE6490-1C88-434F-B7F0-90FC9866F4CF}.Debug|Any CPU.Build.0 = Debug|Any CPU
		{DFAE6490-1C88-434F-B7F0-90FC9866F4CF}.Release|Any CPU.ActiveCfg = Release|Any CPU
		{DFAE6490-1C88-434F-B7F0-90FC9866F4CF}.Release|Any CPU.Build.0 = Release|Any CPU
		{E5CD8251-23F3-49E3-9B02-C6CB51D66861}.Debug|Any CPU.ActiveCfg = Debug|Any CPU
		{E5CD8251-23F3-49E3-9B02-C6CB51D66861}.Debug|Any CPU.Build.0 = Debug|Any CPU
		{E5CD8251-23F3-49E3-9B02-C6CB51D66861}.Release|Any CPU.ActiveCfg = Release|Any CPU
		{E5CD8251-23F3-49E3-9B02-C6CB51D66861}.Release|Any CPU.Build.0 = Release|Any CPU
		{DB6FA9E1-9D3F-4707-B5EE-C714034D98D1}.Debug|Any CPU.ActiveCfg = Debug|Any CPU
		{DB6FA9E1-9D3F-4707-B5EE-C714034D98D1}.Debug|Any CPU.Build.0 = Debug|Any CPU
		{DB6FA9E1-9D3F-4707-B5EE-C714034D98D1}.Release|Any CPU.ActiveCfg = Release|Any CPU
		{DB6FA9E1-9D3F-4707-B5EE-C714034D98D1}.Release|Any CPU.Build.0 = Release|Any CPU
		{E9D77AE5-4D15-485E-9594-B1482DEBDBC0}.Debug|Any CPU.ActiveCfg = Debug|Any CPU
		{E9D77AE5-4D15-485E-9594-B1482DEBDBC0}.Debug|Any CPU.Build.0 = Debug|Any CPU
		{E9D77AE5-4D15-485E-9594-B1482DEBDBC0}.Release|Any CPU.ActiveCfg = Release|Any CPU
		{E9D77AE5-4D15-485E-9594-B1482DEBDBC0}.Release|Any CPU.Build.0 = Release|Any CPU
		{8B969153-8BB1-4500-B1B2-9490F130396C}.Debug|Any CPU.ActiveCfg = Debug|Any CPU
		{8B969153-8BB1-4500-B1B2-9490F130396C}.Debug|Any CPU.Build.0 = Debug|Any CPU
		{8B969153-8BB1-4500-B1B2-9490F130396C}.Release|Any CPU.ActiveCfg = Release|Any CPU
		{8B969153-8BB1-4500-B1B2-9490F130396C}.Release|Any CPU.Build.0 = Release|Any CPU
		{66B100E5-961C-4BFA-88D5-9D5D2765059D}.Debug|Any CPU.ActiveCfg = Debug|Any CPU
		{66B100E5-961C-4BFA-88D5-9D5D2765059D}.Debug|Any CPU.Build.0 = Debug|Any CPU
		{66B100E5-961C-4BFA-88D5-9D5D2765059D}.Release|Any CPU.ActiveCfg = Release|Any CPU
		{66B100E5-961C-4BFA-88D5-9D5D2765059D}.Release|Any CPU.Build.0 = Release|Any CPU
		{CB3BAD35-9D74-4A4D-BF78-A1C75E1B42B6}.Debug|Any CPU.ActiveCfg = Debug|Any CPU
		{CB3BAD35-9D74-4A4D-BF78-A1C75E1B42B6}.Debug|Any CPU.Build.0 = Debug|Any CPU
		{CB3BAD35-9D74-4A4D-BF78-A1C75E1B42B6}.Release|Any CPU.ActiveCfg = Release|Any CPU
		{CB3BAD35-9D74-4A4D-BF78-A1C75E1B42B6}.Release|Any CPU.Build.0 = Release|Any CPU
		{D06DE44D-2082-4805-8F88-31423077C25F}.Debug|Any CPU.ActiveCfg = Debug|Any CPU
		{D06DE44D-2082-4805-8F88-31423077C25F}.Debug|Any CPU.Build.0 = Debug|Any CPU
		{D06DE44D-2082-4805-8F88-31423077C25F}.Release|Any CPU.ActiveCfg = Release|Any CPU
		{D06DE44D-2082-4805-8F88-31423077C25F}.Release|Any CPU.Build.0 = Release|Any CPU
		{BB40A85B-B05B-4144-8258-20E53ABAE43F}.Debug|Any CPU.ActiveCfg = Debug|Any CPU
		{BB40A85B-B05B-4144-8258-20E53ABAE43F}.Debug|Any CPU.Build.0 = Debug|Any CPU
		{BB40A85B-B05B-4144-8258-20E53ABAE43F}.Release|Any CPU.ActiveCfg = Release|Any CPU
		{BB40A85B-B05B-4144-8258-20E53ABAE43F}.Release|Any CPU.Build.0 = Release|Any CPU
	EndGlobalSection
	GlobalSection(SolutionProperties) = preSolution
		HideSolutionNode = FALSE
	EndGlobalSection
EndGlobal
