
Microsoft Visual Studio Solution File, Format Version 12.00
# Visual Studio 14
VisualStudioVersion = 14.0.24720.0
MinimumVisualStudioVersion = 10.0.40219.1
Project("{FAE04EC0-301F-11D3-BF4B-00C04F79EFBC}") = "01DecimalToBinary", "01DecimalToBinary\01DecimalToBinary.csproj", "{439BED50-2867-4B5C-A67B-652104146C19}"
EndProject
Project("{FAE04EC0-301F-11D3-BF4B-00C04F79EFBC}") = "02BinaryToDecimal", "02BinaryToDecimal\02BinaryToDecimal.csproj", "{71A3C746-EE27-40D2-8C1D-AC35234E5828}"
EndProject
Project("{FAE04EC0-301F-11D3-BF4B-00C04F79EFBC}") = "03DecimalToHexadecimal", "03DecimalToHexadecimal\03DecimalToHexadecimal.csproj", "{7FE962F3-5C59-4CF3-A5B1-28027BB2A4B7}"
EndProject
Project("{FAE04EC0-301F-11D3-BF4B-00C04F79EFBC}") = "04HexadecimalToDecimal", "04HexadecimalToDecimal\04HexadecimalToDecimal.csproj", "{7C71A525-3005-405A-BC88-FB658501CDAF}"
EndProject
Project("{FAE04EC0-301F-11D3-BF4B-00C04F79EFBC}") = "05HexadecimalToBinary", "05HexadecimalToBinary\05HexadecimalToBinary.csproj", "{FF6E239D-31AE-4B18-A81C-65EE180594AC}"
EndProject
Project("{FAE04EC0-301F-11D3-BF4B-00C04F79EFBC}") = "06BinaryToHexadecimal", "05BinaryToHexadecimal\06BinaryToHexadecimal.csproj", "{46AE38F6-3F3A-4D3B-8E14-B97D71259036}"
EndProject
Project("{FAE04EC0-301F-11D3-BF4B-00C04F79EFBC}") = "07OneSystemToAnyOther", "07OneSystemToAnyOther\07OneSystemToAnyOther.csproj", "{91791932-9E05-4A5E-93C5-A0A23AE8AD56}"
EndProject
Project("{FAE04EC0-301F-11D3-BF4B-00C04F79EFBC}") = "08BinaryShort", "08BinaryShort\08BinaryShort.csproj", "{672B8145-1987-40BB-B131-0AFDAFE25686}"
EndProject
Project("{FAE04EC0-301F-11D3-BF4B-00C04F79EFBC}") = "09BinaryFloatingPoint", "09BinaryFloatingPoint\09BinaryFloatingPoint.csproj", "{305E7581-7675-473F-9625-8BAF2728938F}"
EndProject
Global
	GlobalSection(SolutionConfigurationPlatforms) = preSolution
		Debug|Any CPU = Debug|Any CPU
		Release|Any CPU = Release|Any CPU
	EndGlobalSection
	GlobalSection(ProjectConfigurationPlatforms) = postSolution
		{439BED50-2867-4B5C-A67B-652104146C19}.Debug|Any CPU.ActiveCfg = Debug|Any CPU
		{439BED50-2867-4B5C-A67B-652104146C19}.Debug|Any CPU.Build.0 = Debug|Any CPU
		{439BED50-2867-4B5C-A67B-652104146C19}.Release|Any CPU.ActiveCfg = Release|Any CPU
		{439BED50-2867-4B5C-A67B-652104146C19}.Release|Any CPU.Build.0 = Release|Any CPU
		{71A3C746-EE27-40D2-8C1D-AC35234E5828}.Debug|Any CPU.ActiveCfg = Debug|Any CPU
		{71A3C746-EE27-40D2-8C1D-AC35234E5828}.Debug|Any CPU.Build.0 = Debug|Any CPU
		{71A3C746-EE27-40D2-8C1D-AC35234E5828}.Release|Any CPU.ActiveCfg = Release|Any CPU
		{71A3C746-EE27-40D2-8C1D-AC35234E5828}.Release|Any CPU.Build.0 = Release|Any CPU
		{7FE962F3-5C59-4CF3-A5B1-28027BB2A4B7}.Debug|Any CPU.ActiveCfg = Debug|Any CPU
		{7FE962F3-5C59-4CF3-A5B1-28027BB2A4B7}.Debug|Any CPU.Build.0 = Debug|Any CPU
		{7FE962F3-5C59-4CF3-A5B1-28027BB2A4B7}.Release|Any CPU.ActiveCfg = Release|Any CPU
		{7FE962F3-5C59-4CF3-A5B1-28027BB2A4B7}.Release|Any CPU.Build.0 = Release|Any CPU
		{7C71A525-3005-405A-BC88-FB658501CDAF}.Debug|Any CPU.ActiveCfg = Debug|Any CPU
		{7C71A525-3005-405A-BC88-FB658501CDAF}.Debug|Any CPU.Build.0 = Debug|Any CPU
		{7C71A525-3005-405A-BC88-FB658501CDAF}.Release|Any CPU.ActiveCfg = Release|Any CPU
		{7C71A525-3005-405A-BC88-FB658501CDAF}.Release|Any CPU.Build.0 = Release|Any CPU
		{FF6E239D-31AE-4B18-A81C-65EE180594AC}.Debug|Any CPU.ActiveCfg = Debug|Any CPU
		{FF6E239D-31AE-4B18-A81C-65EE180594AC}.Debug|Any CPU.Build.0 = Debug|Any CPU
		{FF6E239D-31AE-4B18-A81C-65EE180594AC}.Release|Any CPU.ActiveCfg = Release|Any CPU
		{FF6E239D-31AE-4B18-A81C-65EE180594AC}.Release|Any CPU.Build.0 = Release|Any CPU
		{46AE38F6-3F3A-4D3B-8E14-B97D71259036}.Debug|Any CPU.ActiveCfg = Debug|Any CPU
		{46AE38F6-3F3A-4D3B-8E14-B97D71259036}.Debug|Any CPU.Build.0 = Debug|Any CPU
		{46AE38F6-3F3A-4D3B-8E14-B97D71259036}.Release|Any CPU.ActiveCfg = Release|Any CPU
		{46AE38F6-3F3A-4D3B-8E14-B97D71259036}.Release|Any CPU.Build.0 = Release|Any CPU
		{91791932-9E05-4A5E-93C5-A0A23AE8AD56}.Debug|Any CPU.ActiveCfg = Debug|Any CPU
		{91791932-9E05-4A5E-93C5-A0A23AE8AD56}.Debug|Any CPU.Build.0 = Debug|Any CPU
		{91791932-9E05-4A5E-93C5-A0A23AE8AD56}.Release|Any CPU.ActiveCfg = Release|Any CPU
		{91791932-9E05-4A5E-93C5-A0A23AE8AD56}.Release|Any CPU.Build.0 = Release|Any CPU
		{672B8145-1987-40BB-B131-0AFDAFE25686}.Debug|Any CPU.ActiveCfg = Debug|Any CPU
		{672B8145-1987-40BB-B131-0AFDAFE25686}.Debug|Any CPU.Build.0 = Debug|Any CPU
		{672B8145-1987-40BB-B131-0AFDAFE25686}.Release|Any CPU.ActiveCfg = Release|Any CPU
		{672B8145-1987-40BB-B131-0AFDAFE25686}.Release|Any CPU.Build.0 = Release|Any CPU
		{305E7581-7675-473F-9625-8BAF2728938F}.Debug|Any CPU.ActiveCfg = Debug|Any CPU
		{305E7581-7675-473F-9625-8BAF2728938F}.Debug|Any CPU.Build.0 = Debug|Any CPU
		{305E7581-7675-473F-9625-8BAF2728938F}.Release|Any CPU.ActiveCfg = Release|Any CPU
		{305E7581-7675-473F-9625-8BAF2728938F}.Release|Any CPU.Build.0 = Release|Any CPU
	EndGlobalSection
	GlobalSection(SolutionProperties) = preSolution
		HideSolutionNode = FALSE
	EndGlobalSection
EndGlobal
