
Microsoft Visual Studio Solution File, Format Version 12.00
# Visual Studio 14
VisualStudioVersion = 14.0.24720.0
MinimumVisualStudioVersion = 10.0.40219.1
Project("{FAE04EC0-301F-11D3-BF4B-00C04F79EFBC}") = "01Arrays", "01Arrays\01Arrays.csproj", "{04477C27-AA76-487E-B5A1-1225300BBD3D}"
EndProject
Project("{FAE04EC0-301F-11D3-BF4B-00C04F79EFBC}") = "02CompareArrays", "02CompareArrays\02CompareArrays.csproj", "{236D71C0-0E39-47D1-8C63-05CE0FE5108F}"
EndProject
Project("{FAE04EC0-301F-11D3-BF4B-00C04F79EFBC}") = "03CompareCharArrays", "03CompareCharArrays\03CompareCharArrays.csproj", "{1650A9BE-8646-4A75-A2B1-0FBCA85684BB}"
EndProject
Project("{FAE04EC0-301F-11D3-BF4B-00C04F79EFBC}") = "04MaximalSequence", "04MaximalSequence\04MaximalSequence.csproj", "{1B39B667-374D-45B5-8E87-845A3D1292BE}"
EndProject
Project("{FAE04EC0-301F-11D3-BF4B-00C04F79EFBC}") = "05MaximalIncreasingSequence", "05MaximalIncreasingSequence\05MaximalIncreasingSequence.csproj", "{91A965FB-D6CE-4A47-B983-07C91D666A61}"
EndProject
Project("{FAE04EC0-301F-11D3-BF4B-00C04F79EFBC}") = "06MaximalKSum", "06MaximalKSum\06MaximalKSum.csproj", "{9903B656-FC64-46F3-89EF-4CE853A62F75}"
EndProject
Project("{FAE04EC0-301F-11D3-BF4B-00C04F79EFBC}") = "07SelectionSort", "07SelectionSort\07SelectionSort.csproj", "{A6D33B06-37AC-4B40-8DCE-84248E67B831}"
EndProject
Project("{FAE04EC0-301F-11D3-BF4B-00C04F79EFBC}") = "08MaximalSum", "08MaximalSum\08MaximalSum.csproj", "{22D9DF0D-BCFC-4296-9E7B-76225F46538D}"
EndProject
Project("{FAE04EC0-301F-11D3-BF4B-00C04F79EFBC}") = "09FrequentNumber", "09FrequentNumber\09FrequentNumber.csproj", "{40CC8550-796A-4B22-8718-7996FB0BAD28}"
EndProject
Project("{FAE04EC0-301F-11D3-BF4B-00C04F79EFBC}") = "10FindSumInArray", "10FindSumInArray\10FindSumInArray.csproj", "{B35D36D0-6662-4D77-A643-1F0F58E10003}"
EndProject
Project("{FAE04EC0-301F-11D3-BF4B-00C04F79EFBC}") = "11IndexOfLetters", "11IndexOfLetters\11IndexOfLetters.csproj", "{B24FE4B5-66FF-4CDE-BF43-B3CFDAEF316B}"
EndProject
Project("{FAE04EC0-301F-11D3-BF4B-00C04F79EFBC}") = "12MergeSort", "12MergeSort\12MergeSort.csproj", "{62857733-E29C-4FED-8B07-45A3A4B3084E}"
EndProject
Project("{FAE04EC0-301F-11D3-BF4B-00C04F79EFBC}") = "15PrimeNumbers", "15PrimeNumbers\15PrimeNumbers.csproj", "{23C65856-14E1-418E-9D16-2FF4D3D35F10}"
EndProject
Project("{FAE04EC0-301F-11D3-BF4B-00C04F79EFBC}") = "18RemoveElementsFromArray", "18RemoveElementsFromArray\18RemoveElementsFromArray.csproj", "{13D22246-74CF-4CDC-8054-3EF1E3D03F20}"
EndProject
Global
	GlobalSection(SolutionConfigurationPlatforms) = preSolution
		Debug|Any CPU = Debug|Any CPU
		Release|Any CPU = Release|Any CPU
	EndGlobalSection
	GlobalSection(ProjectConfigurationPlatforms) = postSolution
		{04477C27-AA76-487E-B5A1-1225300BBD3D}.Debug|Any CPU.ActiveCfg = Debug|Any CPU
		{04477C27-AA76-487E-B5A1-1225300BBD3D}.Debug|Any CPU.Build.0 = Debug|Any CPU
		{04477C27-AA76-487E-B5A1-1225300BBD3D}.Release|Any CPU.ActiveCfg = Release|Any CPU
		{04477C27-AA76-487E-B5A1-1225300BBD3D}.Release|Any CPU.Build.0 = Release|Any CPU
		{236D71C0-0E39-47D1-8C63-05CE0FE5108F}.Debug|Any CPU.ActiveCfg = Debug|Any CPU
		{236D71C0-0E39-47D1-8C63-05CE0FE5108F}.Debug|Any CPU.Build.0 = Debug|Any CPU
		{236D71C0-0E39-47D1-8C63-05CE0FE5108F}.Release|Any CPU.ActiveCfg = Release|Any CPU
		{236D71C0-0E39-47D1-8C63-05CE0FE5108F}.Release|Any CPU.Build.0 = Release|Any CPU
		{1650A9BE-8646-4A75-A2B1-0FBCA85684BB}.Debug|Any CPU.ActiveCfg = Debug|Any CPU
		{1650A9BE-8646-4A75-A2B1-0FBCA85684BB}.Debug|Any CPU.Build.0 = Debug|Any CPU
		{1650A9BE-8646-4A75-A2B1-0FBCA85684BB}.Release|Any CPU.ActiveCfg = Release|Any CPU
		{1650A9BE-8646-4A75-A2B1-0FBCA85684BB}.Release|Any CPU.Build.0 = Release|Any CPU
		{1B39B667-374D-45B5-8E87-845A3D1292BE}.Debug|Any CPU.ActiveCfg = Debug|Any CPU
		{1B39B667-374D-45B5-8E87-845A3D1292BE}.Debug|Any CPU.Build.0 = Debug|Any CPU
		{1B39B667-374D-45B5-8E87-845A3D1292BE}.Release|Any CPU.ActiveCfg = Release|Any CPU
		{1B39B667-374D-45B5-8E87-845A3D1292BE}.Release|Any CPU.Build.0 = Release|Any CPU
		{91A965FB-D6CE-4A47-B983-07C91D666A61}.Debug|Any CPU.ActiveCfg = Debug|Any CPU
		{91A965FB-D6CE-4A47-B983-07C91D666A61}.Debug|Any CPU.Build.0 = Debug|Any CPU
		{91A965FB-D6CE-4A47-B983-07C91D666A61}.Release|Any CPU.ActiveCfg = Release|Any CPU
		{91A965FB-D6CE-4A47-B983-07C91D666A61}.Release|Any CPU.Build.0 = Release|Any CPU
		{9903B656-FC64-46F3-89EF-4CE853A62F75}.Debug|Any CPU.ActiveCfg = Debug|Any CPU
		{9903B656-FC64-46F3-89EF-4CE853A62F75}.Debug|Any CPU.Build.0 = Debug|Any CPU
		{9903B656-FC64-46F3-89EF-4CE853A62F75}.Release|Any CPU.ActiveCfg = Release|Any CPU
		{9903B656-FC64-46F3-89EF-4CE853A62F75}.Release|Any CPU.Build.0 = Release|Any CPU
		{A6D33B06-37AC-4B40-8DCE-84248E67B831}.Debug|Any CPU.ActiveCfg = Debug|Any CPU
		{A6D33B06-37AC-4B40-8DCE-84248E67B831}.Debug|Any CPU.Build.0 = Debug|Any CPU
		{A6D33B06-37AC-4B40-8DCE-84248E67B831}.Release|Any CPU.ActiveCfg = Release|Any CPU
		{A6D33B06-37AC-4B40-8DCE-84248E67B831}.Release|Any CPU.Build.0 = Release|Any CPU
		{22D9DF0D-BCFC-4296-9E7B-76225F46538D}.Debug|Any CPU.ActiveCfg = Debug|Any CPU
		{22D9DF0D-BCFC-4296-9E7B-76225F46538D}.Debug|Any CPU.Build.0 = Debug|Any CPU
		{22D9DF0D-BCFC-4296-9E7B-76225F46538D}.Release|Any CPU.ActiveCfg = Release|Any CPU
		{22D9DF0D-BCFC-4296-9E7B-76225F46538D}.Release|Any CPU.Build.0 = Release|Any CPU
		{40CC8550-796A-4B22-8718-7996FB0BAD28}.Debug|Any CPU.ActiveCfg = Debug|Any CPU
		{40CC8550-796A-4B22-8718-7996FB0BAD28}.Debug|Any CPU.Build.0 = Debug|Any CPU
		{40CC8550-796A-4B22-8718-7996FB0BAD28}.Release|Any CPU.ActiveCfg = Release|Any CPU
		{40CC8550-796A-4B22-8718-7996FB0BAD28}.Release|Any CPU.Build.0 = Release|Any CPU
		{B35D36D0-6662-4D77-A643-1F0F58E10003}.Debug|Any CPU.ActiveCfg = Debug|Any CPU
		{B35D36D0-6662-4D77-A643-1F0F58E10003}.Debug|Any CPU.Build.0 = Debug|Any CPU
		{B35D36D0-6662-4D77-A643-1F0F58E10003}.Release|Any CPU.ActiveCfg = Release|Any CPU
		{B35D36D0-6662-4D77-A643-1F0F58E10003}.Release|Any CPU.Build.0 = Release|Any CPU
		{B24FE4B5-66FF-4CDE-BF43-B3CFDAEF316B}.Debug|Any CPU.ActiveCfg = Debug|Any CPU
		{B24FE4B5-66FF-4CDE-BF43-B3CFDAEF316B}.Debug|Any CPU.Build.0 = Debug|Any CPU
		{B24FE4B5-66FF-4CDE-BF43-B3CFDAEF316B}.Release|Any CPU.ActiveCfg = Release|Any CPU
		{B24FE4B5-66FF-4CDE-BF43-B3CFDAEF316B}.Release|Any CPU.Build.0 = Release|Any CPU
		{62857733-E29C-4FED-8B07-45A3A4B3084E}.Debug|Any CPU.ActiveCfg = Debug|Any CPU
		{62857733-E29C-4FED-8B07-45A3A4B3084E}.Debug|Any CPU.Build.0 = Debug|Any CPU
		{62857733-E29C-4FED-8B07-45A3A4B3084E}.Release|Any CPU.ActiveCfg = Release|Any CPU
		{62857733-E29C-4FED-8B07-45A3A4B3084E}.Release|Any CPU.Build.0 = Release|Any CPU
		{23C65856-14E1-418E-9D16-2FF4D3D35F10}.Debug|Any CPU.ActiveCfg = Debug|Any CPU
		{23C65856-14E1-418E-9D16-2FF4D3D35F10}.Debug|Any CPU.Build.0 = Debug|Any CPU
		{23C65856-14E1-418E-9D16-2FF4D3D35F10}.Release|Any CPU.ActiveCfg = Release|Any CPU
		{23C65856-14E1-418E-9D16-2FF4D3D35F10}.Release|Any CPU.Build.0 = Release|Any CPU
		{13D22246-74CF-4CDC-8054-3EF1E3D03F20}.Debug|Any CPU.ActiveCfg = Debug|Any CPU
		{13D22246-74CF-4CDC-8054-3EF1E3D03F20}.Debug|Any CPU.Build.0 = Debug|Any CPU
		{13D22246-74CF-4CDC-8054-3EF1E3D03F20}.Release|Any CPU.ActiveCfg = Release|Any CPU
		{13D22246-74CF-4CDC-8054-3EF1E3D03F20}.Release|Any CPU.Build.0 = Release|Any CPU
	EndGlobalSection
	GlobalSection(SolutionProperties) = preSolution
		HideSolutionNode = FALSE
	EndGlobalSection
EndGlobal
