
Microsoft Visual Studio Solution File, Format Version 12.00
# Visual Studio 15
VisualStudioVersion = 15.0.26020.0
MinimumVisualStudioVersion = 10.0.40219.1
Project("{FAE04EC0-301F-11D3-BF4B-00C04F79EFBC}") = "01LargestElementInArray", "01LargestElementInArray\01LargestElementInArray.csproj", "{8CB6591A-927E-4935-8F00-8D58F5263B61}"
EndProject
Project("{FAE04EC0-301F-11D3-BF4B-00C04F79EFBC}") = "02CountOfNegativeElementsInArray", "02CountOfNegativeElementsInArray\02CountOfNegativeElementsInArray.csproj", "{AD29C76F-12B5-46FB-8F80-AFA906228328}"
EndProject
Project("{FAE04EC0-301F-11D3-BF4B-00C04F79EFBC}") = "03CountOfGivenElementInArray", "03CountOfGivenElementInArray\03CountOfGivenElementInArray.csproj", "{650BEC0D-7594-4CF1-8C2B-C52B2AFDE48A}"
EndProject
Project("{FAE04EC0-301F-11D3-BF4B-00C04F79EFBC}") = "04CountOccurrencesOfLargerNumbersInArray", "04CountOccurrencesOfLargerNumbersInArray\04CountOccurrencesOfLargerNumbersInArray.csproj", "{A6EC9073-B4BE-480E-9601-F71082BCED25}"
EndProject
Project("{FAE04EC0-301F-11D3-BF4B-00C04F79EFBC}") = "05IncreasingSequenceOfElements", "05IncreasingSequenceOfElements\05IncreasingSequenceOfElements.csproj", "{364F964B-976D-40A3-8F3E-380BB0ADD497}"
EndProject
Project("{FAE04EC0-301F-11D3-BF4B-00C04F79EFBC}") = "06EqualSequenceOfElementsInArray", "06EqualSequenceOfElementsInArray\06EqualSequenceOfElementsInArray.csproj", "{0299DEC8-5F79-458B-9742-ECCC687273EC}"
EndProject
Project("{FAE04EC0-301F-11D3-BF4B-00C04F79EFBC}") = "07CountOfCapitalLettersInArray", "07CountOfCapitalLettersInArray\07CountOfCapitalLettersInArray.csproj", "{1E97D67A-F302-49A0-ABB9-252D01681B01}"
EndProject
Project("{FAE04EC0-301F-11D3-BF4B-00C04F79EFBC}") = "08ArraySymmetry", "08ArraySymmetry\08ArraySymmetry.csproj", "{999AB728-1989-4B68-9253-E71D3BF4124D}"
EndProject
Project("{FAE04EC0-301F-11D3-BF4B-00C04F79EFBC}") = "09Altitude", "09Altitude\09Altitude.csproj", "{B4A5F25B-E97F-4559-99D0-4C8C320451FA}"
EndProject
Project("{FAE04EC0-301F-11D3-BF4B-00C04F79EFBC}") = "10BallisticsTraining", "10BallisticsTraining\10BallisticsTraining.csproj", "{337AE3E7-812B-43D7-B97E-75089B83AA32}"
EndProject
Global
	GlobalSection(SolutionConfigurationPlatforms) = preSolution
		Debug|Any CPU = Debug|Any CPU
		Release|Any CPU = Release|Any CPU
	EndGlobalSection
	GlobalSection(ProjectConfigurationPlatforms) = postSolution
		{8CB6591A-927E-4935-8F00-8D58F5263B61}.Debug|Any CPU.ActiveCfg = Debug|Any CPU
		{8CB6591A-927E-4935-8F00-8D58F5263B61}.Debug|Any CPU.Build.0 = Debug|Any CPU
		{8CB6591A-927E-4935-8F00-8D58F5263B61}.Release|Any CPU.ActiveCfg = Release|Any CPU
		{8CB6591A-927E-4935-8F00-8D58F5263B61}.Release|Any CPU.Build.0 = Release|Any CPU
		{AD29C76F-12B5-46FB-8F80-AFA906228328}.Debug|Any CPU.ActiveCfg = Debug|Any CPU
		{AD29C76F-12B5-46FB-8F80-AFA906228328}.Debug|Any CPU.Build.0 = Debug|Any CPU
		{AD29C76F-12B5-46FB-8F80-AFA906228328}.Release|Any CPU.ActiveCfg = Release|Any CPU
		{AD29C76F-12B5-46FB-8F80-AFA906228328}.Release|Any CPU.Build.0 = Release|Any CPU
		{650BEC0D-7594-4CF1-8C2B-C52B2AFDE48A}.Debug|Any CPU.ActiveCfg = Debug|Any CPU
		{650BEC0D-7594-4CF1-8C2B-C52B2AFDE48A}.Debug|Any CPU.Build.0 = Debug|Any CPU
		{650BEC0D-7594-4CF1-8C2B-C52B2AFDE48A}.Release|Any CPU.ActiveCfg = Release|Any CPU
		{650BEC0D-7594-4CF1-8C2B-C52B2AFDE48A}.Release|Any CPU.Build.0 = Release|Any CPU
		{A6EC9073-B4BE-480E-9601-F71082BCED25}.Debug|Any CPU.ActiveCfg = Debug|Any CPU
		{A6EC9073-B4BE-480E-9601-F71082BCED25}.Debug|Any CPU.Build.0 = Debug|Any CPU
		{A6EC9073-B4BE-480E-9601-F71082BCED25}.Release|Any CPU.ActiveCfg = Release|Any CPU
		{A6EC9073-B4BE-480E-9601-F71082BCED25}.Release|Any CPU.Build.0 = Release|Any CPU
		{364F964B-976D-40A3-8F3E-380BB0ADD497}.Debug|Any CPU.ActiveCfg = Debug|Any CPU
		{364F964B-976D-40A3-8F3E-380BB0ADD497}.Debug|Any CPU.Build.0 = Debug|Any CPU
		{364F964B-976D-40A3-8F3E-380BB0ADD497}.Release|Any CPU.ActiveCfg = Release|Any CPU
		{364F964B-976D-40A3-8F3E-380BB0ADD497}.Release|Any CPU.Build.0 = Release|Any CPU
		{0299DEC8-5F79-458B-9742-ECCC687273EC}.Debug|Any CPU.ActiveCfg = Debug|Any CPU
		{0299DEC8-5F79-458B-9742-ECCC687273EC}.Debug|Any CPU.Build.0 = Debug|Any CPU
		{0299DEC8-5F79-458B-9742-ECCC687273EC}.Release|Any CPU.ActiveCfg = Release|Any CPU
		{0299DEC8-5F79-458B-9742-ECCC687273EC}.Release|Any CPU.Build.0 = Release|Any CPU
		{1E97D67A-F302-49A0-ABB9-252D01681B01}.Debug|Any CPU.ActiveCfg = Debug|Any CPU
		{1E97D67A-F302-49A0-ABB9-252D01681B01}.Debug|Any CPU.Build.0 = Debug|Any CPU
		{1E97D67A-F302-49A0-ABB9-252D01681B01}.Release|Any CPU.ActiveCfg = Release|Any CPU
		{1E97D67A-F302-49A0-ABB9-252D01681B01}.Release|Any CPU.Build.0 = Release|Any CPU
		{999AB728-1989-4B68-9253-E71D3BF4124D}.Debug|Any CPU.ActiveCfg = Debug|Any CPU
		{999AB728-1989-4B68-9253-E71D3BF4124D}.Debug|Any CPU.Build.0 = Debug|Any CPU
		{999AB728-1989-4B68-9253-E71D3BF4124D}.Release|Any CPU.ActiveCfg = Release|Any CPU
		{999AB728-1989-4B68-9253-E71D3BF4124D}.Release|Any CPU.Build.0 = Release|Any CPU
		{B4A5F25B-E97F-4559-99D0-4C8C320451FA}.Debug|Any CPU.ActiveCfg = Debug|Any CPU
		{B4A5F25B-E97F-4559-99D0-4C8C320451FA}.Debug|Any CPU.Build.0 = Debug|Any CPU
		{B4A5F25B-E97F-4559-99D0-4C8C320451FA}.Release|Any CPU.ActiveCfg = Release|Any CPU
		{B4A5F25B-E97F-4559-99D0-4C8C320451FA}.Release|Any CPU.Build.0 = Release|Any CPU
		{337AE3E7-812B-43D7-B97E-75089B83AA32}.Debug|Any CPU.ActiveCfg = Debug|Any CPU
		{337AE3E7-812B-43D7-B97E-75089B83AA32}.Debug|Any CPU.Build.0 = Debug|Any CPU
		{337AE3E7-812B-43D7-B97E-75089B83AA32}.Release|Any CPU.ActiveCfg = Release|Any CPU
		{337AE3E7-812B-43D7-B97E-75089B83AA32}.Release|Any CPU.Build.0 = Release|Any CPU
	EndGlobalSection
	GlobalSection(SolutionProperties) = preSolution
		HideSolutionNode = FALSE
	EndGlobalSection
EndGlobal
