
Microsoft Visual Studio Solution File, Format Version 12.00
# Visual Studio 15
VisualStudioVersion = 15.0.26020.0
MinimumVisualStudioVersion = 10.0.40219.1
Project("{FAE04EC0-301F-11D3-BF4B-00C04F79EFBC}") = "01Last3ConsecutiveEqualStrings", "01Last3ConsecutiveEqualStrings\01Last3ConsecutiveEqualStrings.csproj", "{A3013AEB-9FE5-4013-B6F6-642BCEFE9D4C}"
EndProject
Project("{FAE04EC0-301F-11D3-BF4B-00C04F79EFBC}") = "02ArrayElementsEqualToTheirIndex", "02ArrayElementsEqualToTheirIndex\02ArrayElementsEqualToTheirIndex.csproj", "{C1BBAEEF-79CD-4EC1-9F6B-E0F279EE2D25}"
EndProject
Project("{FAE04EC0-301F-11D3-BF4B-00C04F79EFBC}") = "03Phonebook", "03Phonebook\03Phonebook.csproj", "{47821C1C-00F0-4B21-9C19-4E659AA73066}"
EndProject
Project("{FAE04EC0-301F-11D3-BF4B-00C04F79EFBC}") = "04Phone", "04Phone\04Phone.csproj", "{E70419A5-4DB8-435D-BAFC-F71CFF2E9F63}"
EndProject
Project("{FAE04EC0-301F-11D3-BF4B-00C04F79EFBC}") = "05CharRotation", "05CharRotation\05CharRotation.csproj", "{9D52A7AE-DDF3-45B7-8DB0-D6A5E4F82533}"
EndProject
Project("{FAE04EC0-301F-11D3-BF4B-00C04F79EFBC}") = "07ResizableArray", "07ResizableArray\07ResizableArray.csproj", "{BA13BF7C-26D2-4577-87D6-C41D792A708B}"
EndProject
Global
	GlobalSection(SolutionConfigurationPlatforms) = preSolution
		Debug|Any CPU = Debug|Any CPU
		Release|Any CPU = Release|Any CPU
	EndGlobalSection
	GlobalSection(ProjectConfigurationPlatforms) = postSolution
		{A3013AEB-9FE5-4013-B6F6-642BCEFE9D4C}.Debug|Any CPU.ActiveCfg = Debug|Any CPU
		{A3013AEB-9FE5-4013-B6F6-642BCEFE9D4C}.Debug|Any CPU.Build.0 = Debug|Any CPU
		{A3013AEB-9FE5-4013-B6F6-642BCEFE9D4C}.Release|Any CPU.ActiveCfg = Release|Any CPU
		{A3013AEB-9FE5-4013-B6F6-642BCEFE9D4C}.Release|Any CPU.Build.0 = Release|Any CPU
		{C1BBAEEF-79CD-4EC1-9F6B-E0F279EE2D25}.Debug|Any CPU.ActiveCfg = Debug|Any CPU
		{C1BBAEEF-79CD-4EC1-9F6B-E0F279EE2D25}.Debug|Any CPU.Build.0 = Debug|Any CPU
		{C1BBAEEF-79CD-4EC1-9F6B-E0F279EE2D25}.Release|Any CPU.ActiveCfg = Release|Any CPU
		{C1BBAEEF-79CD-4EC1-9F6B-E0F279EE2D25}.Release|Any CPU.Build.0 = Release|Any CPU
		{47821C1C-00F0-4B21-9C19-4E659AA73066}.Debug|Any CPU.ActiveCfg = Debug|Any CPU
		{47821C1C-00F0-4B21-9C19-4E659AA73066}.Debug|Any CPU.Build.0 = Debug|Any CPU
		{47821C1C-00F0-4B21-9C19-4E659AA73066}.Release|Any CPU.ActiveCfg = Release|Any CPU
		{47821C1C-00F0-4B21-9C19-4E659AA73066}.Release|Any CPU.Build.0 = Release|Any CPU
		{E70419A5-4DB8-435D-BAFC-F71CFF2E9F63}.Debug|Any CPU.ActiveCfg = Debug|Any CPU
		{E70419A5-4DB8-435D-BAFC-F71CFF2E9F63}.Debug|Any CPU.Build.0 = Debug|Any CPU
		{E70419A5-4DB8-435D-BAFC-F71CFF2E9F63}.Release|Any CPU.ActiveCfg = Release|Any CPU
		{E70419A5-4DB8-435D-BAFC-F71CFF2E9F63}.Release|Any CPU.Build.0 = Release|Any CPU
		{9D52A7AE-DDF3-45B7-8DB0-D6A5E4F82533}.Debug|Any CPU.ActiveCfg = Debug|Any CPU
		{9D52A7AE-DDF3-45B7-8DB0-D6A5E4F82533}.Debug|Any CPU.Build.0 = Debug|Any CPU
		{9D52A7AE-DDF3-45B7-8DB0-D6A5E4F82533}.Release|Any CPU.ActiveCfg = Release|Any CPU
		{9D52A7AE-DDF3-45B7-8DB0-D6A5E4F82533}.Release|Any CPU.Build.0 = Release|Any CPU
		{BA13BF7C-26D2-4577-87D6-C41D792A708B}.Debug|Any CPU.ActiveCfg = Debug|Any CPU
		{BA13BF7C-26D2-4577-87D6-C41D792A708B}.Debug|Any CPU.Build.0 = Debug|Any CPU
		{BA13BF7C-26D2-4577-87D6-C41D792A708B}.Release|Any CPU.ActiveCfg = Release|Any CPU
		{BA13BF7C-26D2-4577-87D6-C41D792A708B}.Release|Any CPU.Build.0 = Release|Any CPU
	EndGlobalSection
	GlobalSection(SolutionProperties) = preSolution
		HideSolutionNode = FALSE
	EndGlobalSection
EndGlobal
