
Microsoft Visual Studio Solution File, Format Version 12.00
# Visual Studio 15
VisualStudioVersion = 15.0.26020.0
MinimumVisualStudioVersion = 10.0.40219.1
Project("{FAE04EC0-301F-11D3-BF4B-00C04F79EFBC}") = "01LetterRepetition", "01LetterRepetition\01LetterRepetition.csproj", "{EDA0FB2C-3327-42AF-8954-4C2F45966A92}"
EndProject
Project("{FAE04EC0-301F-11D3-BF4B-00C04F79EFBC}") = "02DictRef", "02DictRef\02DictRef.csproj", "{DCE69201-4164-45B2-BA5C-0B22EBD5CA1E}"
EndProject
Project("{FAE04EC0-301F-11D3-BF4B-00C04F79EFBC}") = "03MixedPhones", "03MixedPhones\03MixedPhones.csproj", "{062ED388-2DCE-4247-A7F3-CF4967D9D5C2}"
EndProject
Project("{FAE04EC0-301F-11D3-BF4B-00C04F79EFBC}") = "04ExamShopping", "04ExamShopping\04ExamShopping.csproj", "{00D6E8C9-5991-4477-AE8A-B2A27034F0CE}"
EndProject
Project("{FAE04EC0-301F-11D3-BF4B-00C04F79EFBC}") = "05UserLogins", "05UserLogins\05UserLogins.csproj", "{26DA3F0C-9A7C-492E-A2BC-CCF2AAC16105}"
EndProject
Project("{FAE04EC0-301F-11D3-BF4B-00C04F79EFBC}") = "06FilterBase", "06FilterBase\06FilterBase.csproj", "{A17E7B9A-2C5D-42B2-9C43-504D13D87A0C}"
EndProject
Global
	GlobalSection(SolutionConfigurationPlatforms) = preSolution
		Debug|Any CPU = Debug|Any CPU
		Release|Any CPU = Release|Any CPU
	EndGlobalSection
	GlobalSection(ProjectConfigurationPlatforms) = postSolution
		{EDA0FB2C-3327-42AF-8954-4C2F45966A92}.Debug|Any CPU.ActiveCfg = Debug|Any CPU
		{EDA0FB2C-3327-42AF-8954-4C2F45966A92}.Debug|Any CPU.Build.0 = Debug|Any CPU
		{EDA0FB2C-3327-42AF-8954-4C2F45966A92}.Release|Any CPU.ActiveCfg = Release|Any CPU
		{EDA0FB2C-3327-42AF-8954-4C2F45966A92}.Release|Any CPU.Build.0 = Release|Any CPU
		{DCE69201-4164-45B2-BA5C-0B22EBD5CA1E}.Debug|Any CPU.ActiveCfg = Debug|Any CPU
		{DCE69201-4164-45B2-BA5C-0B22EBD5CA1E}.Debug|Any CPU.Build.0 = Debug|Any CPU
		{DCE69201-4164-45B2-BA5C-0B22EBD5CA1E}.Release|Any CPU.ActiveCfg = Release|Any CPU
		{DCE69201-4164-45B2-BA5C-0B22EBD5CA1E}.Release|Any CPU.Build.0 = Release|Any CPU
		{062ED388-2DCE-4247-A7F3-CF4967D9D5C2}.Debug|Any CPU.ActiveCfg = Debug|Any CPU
		{062ED388-2DCE-4247-A7F3-CF4967D9D5C2}.Debug|Any CPU.Build.0 = Debug|Any CPU
		{062ED388-2DCE-4247-A7F3-CF4967D9D5C2}.Release|Any CPU.ActiveCfg = Release|Any CPU
		{062ED388-2DCE-4247-A7F3-CF4967D9D5C2}.Release|Any CPU.Build.0 = Release|Any CPU
		{00D6E8C9-5991-4477-AE8A-B2A27034F0CE}.Debug|Any CPU.ActiveCfg = Debug|Any CPU
		{00D6E8C9-5991-4477-AE8A-B2A27034F0CE}.Debug|Any CPU.Build.0 = Debug|Any CPU
		{00D6E8C9-5991-4477-AE8A-B2A27034F0CE}.Release|Any CPU.ActiveCfg = Release|Any CPU
		{00D6E8C9-5991-4477-AE8A-B2A27034F0CE}.Release|Any CPU.Build.0 = Release|Any CPU
		{26DA3F0C-9A7C-492E-A2BC-CCF2AAC16105}.Debug|Any CPU.ActiveCfg = Debug|Any CPU
		{26DA3F0C-9A7C-492E-A2BC-CCF2AAC16105}.Debug|Any CPU.Build.0 = Debug|Any CPU
		{26DA3F0C-9A7C-492E-A2BC-CCF2AAC16105}.Release|Any CPU.ActiveCfg = Release|Any CPU
		{26DA3F0C-9A7C-492E-A2BC-CCF2AAC16105}.Release|Any CPU.Build.0 = Release|Any CPU
		{A17E7B9A-2C5D-42B2-9C43-504D13D87A0C}.Debug|Any CPU.ActiveCfg = Debug|Any CPU
		{A17E7B9A-2C5D-42B2-9C43-504D13D87A0C}.Debug|Any CPU.Build.0 = Debug|Any CPU
		{A17E7B9A-2C5D-42B2-9C43-504D13D87A0C}.Release|Any CPU.ActiveCfg = Release|Any CPU
		{A17E7B9A-2C5D-42B2-9C43-504D13D87A0C}.Release|Any CPU.Build.0 = Release|Any CPU
	EndGlobalSection
	GlobalSection(SolutionProperties) = preSolution
		HideSolutionNode = FALSE
	EndGlobalSection
EndGlobal
