
Microsoft Visual Studio Solution File, Format Version 12.00
# Visual Studio 14
VisualStudioVersion = 14.0.25420.1
MinimumVisualStudioVersion = 10.0.40219.1
Project("{FAE04EC0-301F-11D3-BF4B-00C04F79EFBC}") = "201Harvest", "201Harvest\201Harvest.csproj", "{302400C0-49D6-4AFE-9057-12C1E3775DB9}"
EndProject
Project("{FAE04EC0-301F-11D3-BF4B-00C04F79EFBC}") = "301MatchTickets", "301MatchTickets\301MatchTickets.csproj", "{3165FAE6-1D6E-4A43-9A41-33DA54BC0C95}"
EndProject
Project("{FAE04EC0-301F-11D3-BF4B-00C04F79EFBC}") = "601StopNumber", "601StopNumber\601StopNumber.csproj", "{13AEE353-4645-4FBC-B9E3-D439B35B2A72}"
EndProject
Project("{FAE04EC0-301F-11D3-BF4B-00C04F79EFBC}") = "501Diamond", "501Diamond\501Diamond.csproj", "{8B2A2837-7228-46EE-A922-4837DE091920}"
EndProject
Project("{FAE04EC0-301F-11D3-BF4B-00C04F79EFBC}") = "401BackToThePast", "401BackToThePast\401BackToThePast.csproj", "{5A19524B-6BC1-4047-8F5E-23BDF4730B95}"
EndProject
Project("{FAE04EC0-301F-11D3-BF4B-00C04F79EFBC}") = "102RepairOfTile", "102RepairOfTile\102RepairOfTile.csproj", "{49D18D0D-DADA-4F69-8EA7-C033B37F7E87}"
EndProject
Project("{FAE04EC0-301F-11D3-BF4B-00C04F79EFBC}") = "202SleepingCatTom", "202SleepingCatTom\202SleepingCatTom.csproj", "{767DB333-0C06-433C-93AA-A2A9979FD0B4}"
EndProject
Project("{FAE04EC0-301F-11D3-BF4B-00C04F79EFBC}") = "302Operations", "302Operations\302Operations.csproj", "{FBE7448A-0431-4AF1-89C5-A82E3127651C}"
EndProject
Project("{FAE04EC0-301F-11D3-BF4B-00C04F79EFBC}") = "402SmartLilly", "402SmartLilly\402SmartLilly.csproj", "{6989422B-F911-4FBB-824E-5C9C9F9FD336}"
EndProject
Project("{FAE04EC0-301F-11D3-BF4B-00C04F79EFBC}") = "103Profit", "103Profit\103Profit.csproj", "{824D842A-A897-4D11-821E-BB1BAD33D1D0}"
EndProject
Project("{FAE04EC0-301F-11D3-BF4B-00C04F79EFBC}") = "203Firm", "203Firm\203Firm.csproj", "{6F7B1B05-1659-4A1E-8FDE-88A830EC2449}"
EndProject
Project("{FAE04EC0-301F-11D3-BF4B-00C04F79EFBC}") = "303HotelRoom", "303HotelRoom\303HotelRoom.csproj", "{A2B16A99-89E5-43AD-A6B2-C7D5C2776E56}"
EndProject
Project("{FAE04EC0-301F-11D3-BF4B-00C04F79EFBC}") = "403Hospital", "403Hospital\403Hospital.csproj", "{3BF84D4D-DD9E-4CDA-BAF8-923A29FF6529}"
EndProject
Project("{FAE04EC0-301F-11D3-BF4B-00C04F79EFBC}") = "503Axe", "503Axe\503Axe.csproj", "{62176E7F-BAFF-41DF-BAE3-3C40A86E7E48}"
EndProject
Project("{FAE04EC0-301F-11D3-BF4B-00C04F79EFBC}") = "603Digits", "603Digits\603Digits.csproj", "{EF9D8E5D-DDC5-46EC-80A7-E7BFCD8F5623}"
EndProject
Project("{FAE04EC0-301F-11D3-BF4B-00C04F79EFBC}") = "101Money", "101Money\101Money.csproj", "{D404FC42-4163-4909-A6F4-248AEF145A38}"
EndProject
Project("{FAE04EC0-301F-11D3-BF4B-00C04F79EFBC}") = "502Stop", "502Stop\502Stop.csproj", "{E5767F88-C333-4A3F-99EF-40877DCF588D}"
EndProject
Project("{FAE04EC0-301F-11D3-BF4B-00C04F79EFBC}") = "602SpecialNumbers", "602SpecialNumbers\602SpecialNumbers.csproj", "{A32737B1-003E-4195-B583-9351D93E2564}"
EndProject
Project("{FAE04EC0-301F-11D3-BF4B-00C04F79EFBC}") = "104VegetableMarket", "104VegetableMarket\104VegetableMarket.csproj", "{66746E2B-8949-437C-A79E-62184E7F00B1}"
EndProject
Project("{FAE04EC0-301F-11D3-BF4B-00C04F79EFBC}") = "204PoolPipes", "204PoolPipes\204PoolPipes.csproj", "{AF5E36D1-8AD0-4B70-A20A-267C847B73E2}"
EndProject
Project("{FAE04EC0-301F-11D3-BF4B-00C04F79EFBC}") = "304Trip", "304Trip\304Trip.csproj", "{41B53095-520E-45B8-83F7-0F1BFC9F4BD5}"
EndProject
Project("{FAE04EC0-301F-11D3-BF4B-00C04F79EFBC}") = "404Division", "404Division\404Division.csproj", "{94D35FA3-85E0-482E-B696-03D266CE8350}"
EndProject
Project("{FAE04EC0-301F-11D3-BF4B-00C04F79EFBC}") = "504Butterfly", "504Butterfly\504Butterfly.csproj", "{2EE07C85-CE55-486F-8B5B-F3B7012793A5}"
EndProject
Project("{FAE04EC0-301F-11D3-BF4B-00C04F79EFBC}") = "604MagicCombination", "604MagicCombination\604MagicCombination.csproj", "{AA969775-7C59-491C-BF29-37122CEBE76A}"
EndProject
Project("{FAE04EC0-301F-11D3-BF4B-00C04F79EFBC}") = "105TrainingLab", "105TrainingLab\105TrainingLab.csproj", "{69DB7AF0-7437-4C58-99AD-B562A855BA90}"
EndProject
Project("{FAE04EC0-301F-11D3-BF4B-00C04F79EFBC}") = "205TransportPrice", "205TransportPrice\205TransportPrice.csproj", "{1E0E5E36-243B-4B5A-B1BF-BD17A4DCFC87}"
EndProject
Project("{FAE04EC0-301F-11D3-BF4B-00C04F79EFBC}") = "305OnTimeForTheExam", "305OnTimeForTheExam\305OnTimeForTheExam.csproj", "{C4E59730-E1BD-406F-8A9B-486FDA10B2FF}"
EndProject
Project("{FAE04EC0-301F-11D3-BF4B-00C04F79EFBC}") = "405Histogram", "405Histogram\405Histogram.csproj", "{BFF9CA17-8A62-4D80-A86C-A21A9F5822E9}"
EndProject
Project("{FAE04EC0-301F-11D3-BF4B-00C04F79EFBC}") = "505DrawFort", "505DrawFort\505DrawFort.csproj", "{255CD491-85CA-4719-811F-4A8ED0BAA619}"
EndProject
Project("{FAE04EC0-301F-11D3-BF4B-00C04F79EFBC}") = "605StupidPasswordGenerator", "605StupidPasswordGenerator\605StupidPasswordGenerator.csproj", "{D2170E4C-FCC9-4003-9D5A-6AADABCB32F1}"
EndProject
Project("{FAE04EC0-301F-11D3-BF4B-00C04F79EFBC}") = "701TriangleArea", "701TriangleArea\701TriangleArea.csproj", "{E546E1E0-6F7B-4067-B807-AD9CD693C404}"
EndProject
Project("{FAE04EC0-301F-11D3-BF4B-00C04F79EFBC}") = "702Bricks", "702Bricks\702Bricks.csproj", "{4CE0C4A7-3C8C-4008-A6B3-9004E4FC676A}"
EndProject
Project("{FAE04EC0-301F-11D3-BF4B-00C04F79EFBC}") = "703PointOnSegment", "703PointOnSegment\703PointOnSegment.csproj", "{23A83EC3-44AB-4EF2-9F30-566B16F75DF3}"
EndProject
Global
	GlobalSection(SolutionConfigurationPlatforms) = preSolution
		Debug|Any CPU = Debug|Any CPU
		Release|Any CPU = Release|Any CPU
	EndGlobalSection
	GlobalSection(ProjectConfigurationPlatforms) = postSolution
		{302400C0-49D6-4AFE-9057-12C1E3775DB9}.Debug|Any CPU.ActiveCfg = Debug|Any CPU
		{302400C0-49D6-4AFE-9057-12C1E3775DB9}.Debug|Any CPU.Build.0 = Debug|Any CPU
		{302400C0-49D6-4AFE-9057-12C1E3775DB9}.Release|Any CPU.ActiveCfg = Release|Any CPU
		{302400C0-49D6-4AFE-9057-12C1E3775DB9}.Release|Any CPU.Build.0 = Release|Any CPU
		{3165FAE6-1D6E-4A43-9A41-33DA54BC0C95}.Debug|Any CPU.ActiveCfg = Debug|Any CPU
		{3165FAE6-1D6E-4A43-9A41-33DA54BC0C95}.Debug|Any CPU.Build.0 = Debug|Any CPU
		{3165FAE6-1D6E-4A43-9A41-33DA54BC0C95}.Release|Any CPU.ActiveCfg = Release|Any CPU
		{3165FAE6-1D6E-4A43-9A41-33DA54BC0C95}.Release|Any CPU.Build.0 = Release|Any CPU
		{13AEE353-4645-4FBC-B9E3-D439B35B2A72}.Debug|Any CPU.ActiveCfg = Debug|Any CPU
		{13AEE353-4645-4FBC-B9E3-D439B35B2A72}.Debug|Any CPU.Build.0 = Debug|Any CPU
		{13AEE353-4645-4FBC-B9E3-D439B35B2A72}.Release|Any CPU.ActiveCfg = Release|Any CPU
		{13AEE353-4645-4FBC-B9E3-D439B35B2A72}.Release|Any CPU.Build.0 = Release|Any CPU
		{8B2A2837-7228-46EE-A922-4837DE091920}.Debug|Any CPU.ActiveCfg = Debug|Any CPU
		{8B2A2837-7228-46EE-A922-4837DE091920}.Debug|Any CPU.Build.0 = Debug|Any CPU
		{8B2A2837-7228-46EE-A922-4837DE091920}.Release|Any CPU.ActiveCfg = Release|Any CPU
		{8B2A2837-7228-46EE-A922-4837DE091920}.Release|Any CPU.Build.0 = Release|Any CPU
		{5A19524B-6BC1-4047-8F5E-23BDF4730B95}.Debug|Any CPU.ActiveCfg = Debug|Any CPU
		{5A19524B-6BC1-4047-8F5E-23BDF4730B95}.Debug|Any CPU.Build.0 = Debug|Any CPU
		{5A19524B-6BC1-4047-8F5E-23BDF4730B95}.Release|Any CPU.ActiveCfg = Release|Any CPU
		{5A19524B-6BC1-4047-8F5E-23BDF4730B95}.Release|Any CPU.Build.0 = Release|Any CPU
		{49D18D0D-DADA-4F69-8EA7-C033B37F7E87}.Debug|Any CPU.ActiveCfg = Debug|Any CPU
		{49D18D0D-DADA-4F69-8EA7-C033B37F7E87}.Debug|Any CPU.Build.0 = Debug|Any CPU
		{49D18D0D-DADA-4F69-8EA7-C033B37F7E87}.Release|Any CPU.ActiveCfg = Release|Any CPU
		{49D18D0D-DADA-4F69-8EA7-C033B37F7E87}.Release|Any CPU.Build.0 = Release|Any CPU
		{767DB333-0C06-433C-93AA-A2A9979FD0B4}.Debug|Any CPU.ActiveCfg = Debug|Any CPU
		{767DB333-0C06-433C-93AA-A2A9979FD0B4}.Debug|Any CPU.Build.0 = Debug|Any CPU
		{767DB333-0C06-433C-93AA-A2A9979FD0B4}.Release|Any CPU.ActiveCfg = Release|Any CPU
		{767DB333-0C06-433C-93AA-A2A9979FD0B4}.Release|Any CPU.Build.0 = Release|Any CPU
		{FBE7448A-0431-4AF1-89C5-A82E3127651C}.Debug|Any CPU.ActiveCfg = Debug|Any CPU
		{FBE7448A-0431-4AF1-89C5-A82E3127651C}.Debug|Any CPU.Build.0 = Debug|Any CPU
		{FBE7448A-0431-4AF1-89C5-A82E3127651C}.Release|Any CPU.ActiveCfg = Release|Any CPU
		{FBE7448A-0431-4AF1-89C5-A82E3127651C}.Release|Any CPU.Build.0 = Release|Any CPU
		{6989422B-F911-4FBB-824E-5C9C9F9FD336}.Debug|Any CPU.ActiveCfg = Debug|Any CPU
		{6989422B-F911-4FBB-824E-5C9C9F9FD336}.Debug|Any CPU.Build.0 = Debug|Any CPU
		{6989422B-F911-4FBB-824E-5C9C9F9FD336}.Release|Any CPU.ActiveCfg = Release|Any CPU
		{6989422B-F911-4FBB-824E-5C9C9F9FD336}.Release|Any CPU.Build.0 = Release|Any CPU
		{824D842A-A897-4D11-821E-BB1BAD33D1D0}.Debug|Any CPU.ActiveCfg = Debug|Any CPU
		{824D842A-A897-4D11-821E-BB1BAD33D1D0}.Debug|Any CPU.Build.0 = Debug|Any CPU
		{824D842A-A897-4D11-821E-BB1BAD33D1D0}.Release|Any CPU.ActiveCfg = Release|Any CPU
		{824D842A-A897-4D11-821E-BB1BAD33D1D0}.Release|Any CPU.Build.0 = Release|Any CPU
		{6F7B1B05-1659-4A1E-8FDE-88A830EC2449}.Debug|Any CPU.ActiveCfg = Debug|Any CPU
		{6F7B1B05-1659-4A1E-8FDE-88A830EC2449}.Debug|Any CPU.Build.0 = Debug|Any CPU
		{6F7B1B05-1659-4A1E-8FDE-88A830EC2449}.Release|Any CPU.ActiveCfg = Release|Any CPU
		{6F7B1B05-1659-4A1E-8FDE-88A830EC2449}.Release|Any CPU.Build.0 = Release|Any CPU
		{A2B16A99-89E5-43AD-A6B2-C7D5C2776E56}.Debug|Any CPU.ActiveCfg = Debug|Any CPU
		{A2B16A99-89E5-43AD-A6B2-C7D5C2776E56}.Debug|Any CPU.Build.0 = Debug|Any CPU
		{A2B16A99-89E5-43AD-A6B2-C7D5C2776E56}.Release|Any CPU.ActiveCfg = Release|Any CPU
		{A2B16A99-89E5-43AD-A6B2-C7D5C2776E56}.Release|Any CPU.Build.0 = Release|Any CPU
		{3BF84D4D-DD9E-4CDA-BAF8-923A29FF6529}.Debug|Any CPU.ActiveCfg = Debug|Any CPU
		{3BF84D4D-DD9E-4CDA-BAF8-923A29FF6529}.Debug|Any CPU.Build.0 = Debug|Any CPU
		{3BF84D4D-DD9E-4CDA-BAF8-923A29FF6529}.Release|Any CPU.ActiveCfg = Release|Any CPU
		{3BF84D4D-DD9E-4CDA-BAF8-923A29FF6529}.Release|Any CPU.Build.0 = Release|Any CPU
		{62176E7F-BAFF-41DF-BAE3-3C40A86E7E48}.Debug|Any CPU.ActiveCfg = Debug|Any CPU
		{62176E7F-BAFF-41DF-BAE3-3C40A86E7E48}.Debug|Any CPU.Build.0 = Debug|Any CPU
		{62176E7F-BAFF-41DF-BAE3-3C40A86E7E48}.Release|Any CPU.ActiveCfg = Release|Any CPU
		{62176E7F-BAFF-41DF-BAE3-3C40A86E7E48}.Release|Any CPU.Build.0 = Release|Any CPU
		{EF9D8E5D-DDC5-46EC-80A7-E7BFCD8F5623}.Debug|Any CPU.ActiveCfg = Debug|Any CPU
		{EF9D8E5D-DDC5-46EC-80A7-E7BFCD8F5623}.Debug|Any CPU.Build.0 = Debug|Any CPU
		{EF9D8E5D-DDC5-46EC-80A7-E7BFCD8F5623}.Release|Any CPU.ActiveCfg = Release|Any CPU
		{EF9D8E5D-DDC5-46EC-80A7-E7BFCD8F5623}.Release|Any CPU.Build.0 = Release|Any CPU
		{D404FC42-4163-4909-A6F4-248AEF145A38}.Debug|Any CPU.ActiveCfg = Debug|Any CPU
		{D404FC42-4163-4909-A6F4-248AEF145A38}.Debug|Any CPU.Build.0 = Debug|Any CPU
		{D404FC42-4163-4909-A6F4-248AEF145A38}.Release|Any CPU.ActiveCfg = Release|Any CPU
		{D404FC42-4163-4909-A6F4-248AEF145A38}.Release|Any CPU.Build.0 = Release|Any CPU
		{E5767F88-C333-4A3F-99EF-40877DCF588D}.Debug|Any CPU.ActiveCfg = Debug|Any CPU
		{E5767F88-C333-4A3F-99EF-40877DCF588D}.Debug|Any CPU.Build.0 = Debug|Any CPU
		{E5767F88-C333-4A3F-99EF-40877DCF588D}.Release|Any CPU.ActiveCfg = Release|Any CPU
		{E5767F88-C333-4A3F-99EF-40877DCF588D}.Release|Any CPU.Build.0 = Release|Any CPU
		{A32737B1-003E-4195-B583-9351D93E2564}.Debug|Any CPU.ActiveCfg = Debug|Any CPU
		{A32737B1-003E-4195-B583-9351D93E2564}.Debug|Any CPU.Build.0 = Debug|Any CPU
		{A32737B1-003E-4195-B583-9351D93E2564}.Release|Any CPU.ActiveCfg = Release|Any CPU
		{A32737B1-003E-4195-B583-9351D93E2564}.Release|Any CPU.Build.0 = Release|Any CPU
		{66746E2B-8949-437C-A79E-62184E7F00B1}.Debug|Any CPU.ActiveCfg = Debug|Any CPU
		{66746E2B-8949-437C-A79E-62184E7F00B1}.Debug|Any CPU.Build.0 = Debug|Any CPU
		{66746E2B-8949-437C-A79E-62184E7F00B1}.Release|Any CPU.ActiveCfg = Release|Any CPU
		{66746E2B-8949-437C-A79E-62184E7F00B1}.Release|Any CPU.Build.0 = Release|Any CPU
		{AF5E36D1-8AD0-4B70-A20A-267C847B73E2}.Debug|Any CPU.ActiveCfg = Debug|Any CPU
		{AF5E36D1-8AD0-4B70-A20A-267C847B73E2}.Debug|Any CPU.Build.0 = Debug|Any CPU
		{AF5E36D1-8AD0-4B70-A20A-267C847B73E2}.Release|Any CPU.ActiveCfg = Release|Any CPU
		{AF5E36D1-8AD0-4B70-A20A-267C847B73E2}.Release|Any CPU.Build.0 = Release|Any CPU
		{41B53095-520E-45B8-83F7-0F1BFC9F4BD5}.Debug|Any CPU.ActiveCfg = Debug|Any CPU
		{41B53095-520E-45B8-83F7-0F1BFC9F4BD5}.Debug|Any CPU.Build.0 = Debug|Any CPU
		{41B53095-520E-45B8-83F7-0F1BFC9F4BD5}.Release|Any CPU.ActiveCfg = Release|Any CPU
		{41B53095-520E-45B8-83F7-0F1BFC9F4BD5}.Release|Any CPU.Build.0 = Release|Any CPU
		{94D35FA3-85E0-482E-B696-03D266CE8350}.Debug|Any CPU.ActiveCfg = Debug|Any CPU
		{94D35FA3-85E0-482E-B696-03D266CE8350}.Debug|Any CPU.Build.0 = Debug|Any CPU
		{94D35FA3-85E0-482E-B696-03D266CE8350}.Release|Any CPU.ActiveCfg = Release|Any CPU
		{94D35FA3-85E0-482E-B696-03D266CE8350}.Release|Any CPU.Build.0 = Release|Any CPU
		{2EE07C85-CE55-486F-8B5B-F3B7012793A5}.Debug|Any CPU.ActiveCfg = Debug|Any CPU
		{2EE07C85-CE55-486F-8B5B-F3B7012793A5}.Debug|Any CPU.Build.0 = Debug|Any CPU
		{2EE07C85-CE55-486F-8B5B-F3B7012793A5}.Release|Any CPU.ActiveCfg = Release|Any CPU
		{2EE07C85-CE55-486F-8B5B-F3B7012793A5}.Release|Any CPU.Build.0 = Release|Any CPU
		{AA969775-7C59-491C-BF29-37122CEBE76A}.Debug|Any CPU.ActiveCfg = Debug|Any CPU
		{AA969775-7C59-491C-BF29-37122CEBE76A}.Debug|Any CPU.Build.0 = Debug|Any CPU
		{AA969775-7C59-491C-BF29-37122CEBE76A}.Release|Any CPU.ActiveCfg = Release|Any CPU
		{AA969775-7C59-491C-BF29-37122CEBE76A}.Release|Any CPU.Build.0 = Release|Any CPU
		{69DB7AF0-7437-4C58-99AD-B562A855BA90}.Debug|Any CPU.ActiveCfg = Debug|Any CPU
		{69DB7AF0-7437-4C58-99AD-B562A855BA90}.Debug|Any CPU.Build.0 = Debug|Any CPU
		{69DB7AF0-7437-4C58-99AD-B562A855BA90}.Release|Any CPU.ActiveCfg = Release|Any CPU
		{69DB7AF0-7437-4C58-99AD-B562A855BA90}.Release|Any CPU.Build.0 = Release|Any CPU
		{1E0E5E36-243B-4B5A-B1BF-BD17A4DCFC87}.Debug|Any CPU.ActiveCfg = Debug|Any CPU
		{1E0E5E36-243B-4B5A-B1BF-BD17A4DCFC87}.Debug|Any CPU.Build.0 = Debug|Any CPU
		{1E0E5E36-243B-4B5A-B1BF-BD17A4DCFC87}.Release|Any CPU.ActiveCfg = Release|Any CPU
		{1E0E5E36-243B-4B5A-B1BF-BD17A4DCFC87}.Release|Any CPU.Build.0 = Release|Any CPU
		{C4E59730-E1BD-406F-8A9B-486FDA10B2FF}.Debug|Any CPU.ActiveCfg = Debug|Any CPU
		{C4E59730-E1BD-406F-8A9B-486FDA10B2FF}.Debug|Any CPU.Build.0 = Debug|Any CPU
		{C4E59730-E1BD-406F-8A9B-486FDA10B2FF}.Release|Any CPU.ActiveCfg = Release|Any CPU
		{C4E59730-E1BD-406F-8A9B-486FDA10B2FF}.Release|Any CPU.Build.0 = Release|Any CPU
		{BFF9CA17-8A62-4D80-A86C-A21A9F5822E9}.Debug|Any CPU.ActiveCfg = Debug|Any CPU
		{BFF9CA17-8A62-4D80-A86C-A21A9F5822E9}.Debug|Any CPU.Build.0 = Debug|Any CPU
		{BFF9CA17-8A62-4D80-A86C-A21A9F5822E9}.Release|Any CPU.ActiveCfg = Release|Any CPU
		{BFF9CA17-8A62-4D80-A86C-A21A9F5822E9}.Release|Any CPU.Build.0 = Release|Any CPU
		{255CD491-85CA-4719-811F-4A8ED0BAA619}.Debug|Any CPU.ActiveCfg = Debug|Any CPU
		{255CD491-85CA-4719-811F-4A8ED0BAA619}.Debug|Any CPU.Build.0 = Debug|Any CPU
		{255CD491-85CA-4719-811F-4A8ED0BAA619}.Release|Any CPU.ActiveCfg = Release|Any CPU
		{255CD491-85CA-4719-811F-4A8ED0BAA619}.Release|Any CPU.Build.0 = Release|Any CPU
		{D2170E4C-FCC9-4003-9D5A-6AADABCB32F1}.Debug|Any CPU.ActiveCfg = Debug|Any CPU
		{D2170E4C-FCC9-4003-9D5A-6AADABCB32F1}.Debug|Any CPU.Build.0 = Debug|Any CPU
		{D2170E4C-FCC9-4003-9D5A-6AADABCB32F1}.Release|Any CPU.ActiveCfg = Release|Any CPU
		{D2170E4C-FCC9-4003-9D5A-6AADABCB32F1}.Release|Any CPU.Build.0 = Release|Any CPU
		{E546E1E0-6F7B-4067-B807-AD9CD693C404}.Debug|Any CPU.ActiveCfg = Debug|Any CPU
		{E546E1E0-6F7B-4067-B807-AD9CD693C404}.Debug|Any CPU.Build.0 = Debug|Any CPU
		{E546E1E0-6F7B-4067-B807-AD9CD693C404}.Release|Any CPU.ActiveCfg = Release|Any CPU
		{E546E1E0-6F7B-4067-B807-AD9CD693C404}.Release|Any CPU.Build.0 = Release|Any CPU
		{4CE0C4A7-3C8C-4008-A6B3-9004E4FC676A}.Debug|Any CPU.ActiveCfg = Debug|Any CPU
		{4CE0C4A7-3C8C-4008-A6B3-9004E4FC676A}.Debug|Any CPU.Build.0 = Debug|Any CPU
		{4CE0C4A7-3C8C-4008-A6B3-9004E4FC676A}.Release|Any CPU.ActiveCfg = Release|Any CPU
		{4CE0C4A7-3C8C-4008-A6B3-9004E4FC676A}.Release|Any CPU.Build.0 = Release|Any CPU
		{23A83EC3-44AB-4EF2-9F30-566B16F75DF3}.Debug|Any CPU.ActiveCfg = Debug|Any CPU
		{23A83EC3-44AB-4EF2-9F30-566B16F75DF3}.Debug|Any CPU.Build.0 = Debug|Any CPU
		{23A83EC3-44AB-4EF2-9F30-566B16F75DF3}.Release|Any CPU.ActiveCfg = Release|Any CPU
		{23A83EC3-44AB-4EF2-9F30-566B16F75DF3}.Release|Any CPU.Build.0 = Release|Any CPU
	EndGlobalSection
	GlobalSection(SolutionProperties) = preSolution
		HideSolutionNode = FALSE
	EndGlobalSection
EndGlobal
