
Microsoft Visual Studio Solution File, Format Version 12.00
# Visual Studio 14
VisualStudioVersion = 14.0.25420.1
MinimumVisualStudioVersion = 10.0.40219.1
Project("{FAE04EC0-301F-11D3-BF4B-00C04F79EFBC}") = "01PersonalTitles", "01PersonalTitles\01PersonalTitles.csproj", "{DCD3A607-034C-4EC6-AFCB-6F69DAF77DCF}"
EndProject
Project("{FAE04EC0-301F-11D3-BF4B-00C04F79EFBC}") = "02SmallShop", "02SmallShop\02SmallShop.csproj", "{621AEC50-FD0F-417B-A87C-F0499B13026F}"
EndProject
Project("{FAE04EC0-301F-11D3-BF4B-00C04F79EFBC}") = "03PointInRectangle", "03PointInRectangle\03PointInRectangle.csproj", "{76405469-8E75-4071-BACC-D84C00550217}"
EndProject
Project("{FAE04EC0-301F-11D3-BF4B-00C04F79EFBC}") = "04FruitOrVegetable", "04FruitOrVegetable\04FruitOrVegetable.csproj", "{9AEE9CD7-8A9B-4F27-A49E-7037432BB716}"
EndProject
Project("{FAE04EC0-301F-11D3-BF4B-00C04F79EFBC}") = "05InvalidNumber", "05InvalidNumber\05InvalidNumber.csproj", "{D3FD89D6-295D-4958-97C9-5ECD73E732B5}"
EndProject
Project("{FAE04EC0-301F-11D3-BF4B-00C04F79EFBC}") = "06PointOnRectangleBorder", "06PointOnRectangleBorder\06PointOnRectangleBorder.csproj", "{4F6BD50B-31B0-4D56-BC45-971A435121B3}"
EndProject
Project("{FAE04EC0-301F-11D3-BF4B-00C04F79EFBC}") = "07FruitShop", "07FruitShop\07FruitShop.csproj", "{D4425A8E-59A8-4EA7-A445-770219536771}"
EndProject
Project("{FAE04EC0-301F-11D3-BF4B-00C04F79EFBC}") = "08TradeComissions", "08TradeComissions\08TradeComissions.csproj", "{2F9E7E28-1449-47FD-880C-B0CAA5C26CCC}"
EndProject
Project("{FAE04EC0-301F-11D3-BF4B-00C04F79EFBC}") = "09DayOfWeek", "09DayOfWeek\09DayOfWeek.csproj", "{6C52F21A-14F5-4B9A-966D-77850B44ADCD}"
EndProject
Project("{FAE04EC0-301F-11D3-BF4B-00C04F79EFBC}") = "10AnimalType", "10AnimalType\10AnimalType.csproj", "{6C63A598-8070-4423-816C-4450CC8DDDB6}"
EndProject
Project("{FAE04EC0-301F-11D3-BF4B-00C04F79EFBC}") = "12Cinema", "12Cinema\12Cinema.csproj", "{8399EC01-FFF1-4F27-9B54-48725CFAA307}"
EndProject
Project("{FAE04EC0-301F-11D3-BF4B-00C04F79EFBC}") = "13VolleyBall", "13VolleyBall\13VolleyBall.csproj", "{35EF7D31-C275-4B26-BCCB-D83DB8B60DC8}"
EndProject
Global
	GlobalSection(SolutionConfigurationPlatforms) = preSolution
		Debug|Any CPU = Debug|Any CPU
		Release|Any CPU = Release|Any CPU
	EndGlobalSection
	GlobalSection(ProjectConfigurationPlatforms) = postSolution
		{DCD3A607-034C-4EC6-AFCB-6F69DAF77DCF}.Debug|Any CPU.ActiveCfg = Debug|Any CPU
		{DCD3A607-034C-4EC6-AFCB-6F69DAF77DCF}.Debug|Any CPU.Build.0 = Debug|Any CPU
		{DCD3A607-034C-4EC6-AFCB-6F69DAF77DCF}.Release|Any CPU.ActiveCfg = Release|Any CPU
		{DCD3A607-034C-4EC6-AFCB-6F69DAF77DCF}.Release|Any CPU.Build.0 = Release|Any CPU
		{621AEC50-FD0F-417B-A87C-F0499B13026F}.Debug|Any CPU.ActiveCfg = Debug|Any CPU
		{621AEC50-FD0F-417B-A87C-F0499B13026F}.Debug|Any CPU.Build.0 = Debug|Any CPU
		{621AEC50-FD0F-417B-A87C-F0499B13026F}.Release|Any CPU.ActiveCfg = Release|Any CPU
		{621AEC50-FD0F-417B-A87C-F0499B13026F}.Release|Any CPU.Build.0 = Release|Any CPU
		{76405469-8E75-4071-BACC-D84C00550217}.Debug|Any CPU.ActiveCfg = Debug|Any CPU
		{76405469-8E75-4071-BACC-D84C00550217}.Debug|Any CPU.Build.0 = Debug|Any CPU
		{76405469-8E75-4071-BACC-D84C00550217}.Release|Any CPU.ActiveCfg = Release|Any CPU
		{76405469-8E75-4071-BACC-D84C00550217}.Release|Any CPU.Build.0 = Release|Any CPU
		{9AEE9CD7-8A9B-4F27-A49E-7037432BB716}.Debug|Any CPU.ActiveCfg = Debug|Any CPU
		{9AEE9CD7-8A9B-4F27-A49E-7037432BB716}.Debug|Any CPU.Build.0 = Debug|Any CPU
		{9AEE9CD7-8A9B-4F27-A49E-7037432BB716}.Release|Any CPU.ActiveCfg = Release|Any CPU
		{9AEE9CD7-8A9B-4F27-A49E-7037432BB716}.Release|Any CPU.Build.0 = Release|Any CPU
		{D3FD89D6-295D-4958-97C9-5ECD73E732B5}.Debug|Any CPU.ActiveCfg = Debug|Any CPU
		{D3FD89D6-295D-4958-97C9-5ECD73E732B5}.Debug|Any CPU.Build.0 = Debug|Any CPU
		{D3FD89D6-295D-4958-97C9-5ECD73E732B5}.Release|Any CPU.ActiveCfg = Release|Any CPU
		{D3FD89D6-295D-4958-97C9-5ECD73E732B5}.Release|Any CPU.Build.0 = Release|Any CPU
		{4F6BD50B-31B0-4D56-BC45-971A435121B3}.Debug|Any CPU.ActiveCfg = Debug|Any CPU
		{4F6BD50B-31B0-4D56-BC45-971A435121B3}.Debug|Any CPU.Build.0 = Debug|Any CPU
		{4F6BD50B-31B0-4D56-BC45-971A435121B3}.Release|Any CPU.ActiveCfg = Release|Any CPU
		{4F6BD50B-31B0-4D56-BC45-971A435121B3}.Release|Any CPU.Build.0 = Release|Any CPU
		{D4425A8E-59A8-4EA7-A445-770219536771}.Debug|Any CPU.ActiveCfg = Debug|Any CPU
		{D4425A8E-59A8-4EA7-A445-770219536771}.Debug|Any CPU.Build.0 = Debug|Any CPU
		{D4425A8E-59A8-4EA7-A445-770219536771}.Release|Any CPU.ActiveCfg = Release|Any CPU
		{D4425A8E-59A8-4EA7-A445-770219536771}.Release|Any CPU.Build.0 = Release|Any CPU
		{2F9E7E28-1449-47FD-880C-B0CAA5C26CCC}.Debug|Any CPU.ActiveCfg = Debug|Any CPU
		{2F9E7E28-1449-47FD-880C-B0CAA5C26CCC}.Debug|Any CPU.Build.0 = Debug|Any CPU
		{2F9E7E28-1449-47FD-880C-B0CAA5C26CCC}.Release|Any CPU.ActiveCfg = Release|Any CPU
		{2F9E7E28-1449-47FD-880C-B0CAA5C26CCC}.Release|Any CPU.Build.0 = Release|Any CPU
		{6C52F21A-14F5-4B9A-966D-77850B44ADCD}.Debug|Any CPU.ActiveCfg = Debug|Any CPU
		{6C52F21A-14F5-4B9A-966D-77850B44ADCD}.Debug|Any CPU.Build.0 = Debug|Any CPU
		{6C52F21A-14F5-4B9A-966D-77850B44ADCD}.Release|Any CPU.ActiveCfg = Release|Any CPU
		{6C52F21A-14F5-4B9A-966D-77850B44ADCD}.Release|Any CPU.Build.0 = Release|Any CPU
		{6C63A598-8070-4423-816C-4450CC8DDDB6}.Debug|Any CPU.ActiveCfg = Debug|Any CPU
		{6C63A598-8070-4423-816C-4450CC8DDDB6}.Debug|Any CPU.Build.0 = Debug|Any CPU
		{6C63A598-8070-4423-816C-4450CC8DDDB6}.Release|Any CPU.ActiveCfg = Release|Any CPU
		{6C63A598-8070-4423-816C-4450CC8DDDB6}.Release|Any CPU.Build.0 = Release|Any CPU
		{8399EC01-FFF1-4F27-9B54-48725CFAA307}.Debug|Any CPU.ActiveCfg = Debug|Any CPU
		{8399EC01-FFF1-4F27-9B54-48725CFAA307}.Debug|Any CPU.Build.0 = Debug|Any CPU
		{8399EC01-FFF1-4F27-9B54-48725CFAA307}.Release|Any CPU.ActiveCfg = Release|Any CPU
		{8399EC01-FFF1-4F27-9B54-48725CFAA307}.Release|Any CPU.Build.0 = Release|Any CPU
		{35EF7D31-C275-4B26-BCCB-D83DB8B60DC8}.Debug|Any CPU.ActiveCfg = Debug|Any CPU
		{35EF7D31-C275-4B26-BCCB-D83DB8B60DC8}.Debug|Any CPU.Build.0 = Debug|Any CPU
		{35EF7D31-C275-4B26-BCCB-D83DB8B60DC8}.Release|Any CPU.ActiveCfg = Release|Any CPU
		{35EF7D31-C275-4B26-BCCB-D83DB8B60DC8}.Release|Any CPU.Build.0 = Release|Any CPU
	EndGlobalSection
	GlobalSection(SolutionProperties) = preSolution
		HideSolutionNode = FALSE
	EndGlobalSection
EndGlobal
