
Microsoft Visual Studio Solution File, Format Version 12.00
# Visual Studio 14
VisualStudioVersion = 14.0.25420.1
MinimumVisualStudioVersion = 10.0.40219.1
Project("{FAE04EC0-301F-11D3-BF4B-00C04F79EFBC}") = "01Numbers1ToNWithStep3", "01Numbers1ToNWithStep3\01Numbers1ToNWithStep3.csproj", "{48F9CD97-E5C3-42C1-B7B2-9E4A03165AB1}"
EndProject
Project("{FAE04EC0-301F-11D3-BF4B-00C04F79EFBC}") = "02NumbersNTo1", "02NumbersNTo1\02NumbersNTo1.csproj", "{73DA5CD4-FB63-4075-9C78-7FEE6A5153C0}"
EndProject
Project("{FAE04EC0-301F-11D3-BF4B-00C04F79EFBC}") = "03PowersOfTwo", "03PowersOfTwo\03PowersOfTwo.csproj", "{D3F86A94-3A3A-4C54-AE4C-5135B6FCF314}"
EndProject
Project("{FAE04EC0-301F-11D3-BF4B-00C04F79EFBC}") = "04EvenPowersOf2", "04EvenPowersOf2\04EvenPowersOf2.csproj", "{2CBF7739-B4B2-413E-8ADF-AAD863C9CF67}"
EndProject
Project("{FAE04EC0-301F-11D3-BF4B-00C04F79EFBC}") = "05Sequence2KPlus1", "05Sequence2K+1\05Sequence2KPlus1.csproj", "{5ADCFACB-5193-4438-A7C7-F4073948F73C}"
EndProject
Project("{FAE04EC0-301F-11D3-BF4B-00C04F79EFBC}") = "06NumberInRange", "06NumberInRange\06NumberInRange.csproj", "{925C80C7-2B08-40E5-B086-E1EFC9481725}"
EndProject
Project("{FAE04EC0-301F-11D3-BF4B-00C04F79EFBC}") = "07GreatestCommonDivisor", "07GreatestCommonDivisor\07GreatestCommonDivisor.csproj", "{0744750F-D5EE-4DBE-A48C-B32526FA37FA}"
EndProject
Project("{FAE04EC0-301F-11D3-BF4B-00C04F79EFBC}") = "08Factorial", "08Factorial\08Factorial.csproj", "{F94D8A43-BCAB-45BB-A785-CCC181B2DBA1}"
EndProject
Project("{FAE04EC0-301F-11D3-BF4B-00C04F79EFBC}") = "09SumDigits", "09SumDigits\09SumDigits.csproj", "{063C8006-8A3A-4590-BEB2-66C4D9734354}"
EndProject
Project("{FAE04EC0-301F-11D3-BF4B-00C04F79EFBC}") = "10CheckPrime", "10CheckPrime\10CheckPrime.csproj", "{2E4F4FE1-6951-4743-806B-1A45D658F81C}"
EndProject
Project("{FAE04EC0-301F-11D3-BF4B-00C04F79EFBC}") = "11EnterEvenNumber", "11EnterEvenNumber\11EnterEvenNumber.csproj", "{12B73963-699A-4F28-9533-15F899066B48}"
EndProject
Project("{FAE04EC0-301F-11D3-BF4B-00C04F79EFBC}") = "12Fibonacci", "12Fibonacci\12Fibonacci.csproj", "{799E500F-9FC7-4F91-8E0A-7672D3423E2E}"
EndProject
Project("{FAE04EC0-301F-11D3-BF4B-00C04F79EFBC}") = "13NumberPyramid", "13NumberPyramid\13NumberPyramid.csproj", "{BB402249-EBA0-4800-B75D-B995457C07D6}"
EndProject
Project("{FAE04EC0-301F-11D3-BF4B-00C04F79EFBC}") = "14NumberTable", "14NumberTable\14NumberTable.csproj", "{1EA160CF-2DC1-4472-BD99-6BC7345F4B3E}"
EndProject
Global
	GlobalSection(SolutionConfigurationPlatforms) = preSolution
		Debug|Any CPU = Debug|Any CPU
		Release|Any CPU = Release|Any CPU
	EndGlobalSection
	GlobalSection(ProjectConfigurationPlatforms) = postSolution
		{48F9CD97-E5C3-42C1-B7B2-9E4A03165AB1}.Debug|Any CPU.ActiveCfg = Debug|Any CPU
		{48F9CD97-E5C3-42C1-B7B2-9E4A03165AB1}.Debug|Any CPU.Build.0 = Debug|Any CPU
		{48F9CD97-E5C3-42C1-B7B2-9E4A03165AB1}.Release|Any CPU.ActiveCfg = Release|Any CPU
		{48F9CD97-E5C3-42C1-B7B2-9E4A03165AB1}.Release|Any CPU.Build.0 = Release|Any CPU
		{73DA5CD4-FB63-4075-9C78-7FEE6A5153C0}.Debug|Any CPU.ActiveCfg = Debug|Any CPU
		{73DA5CD4-FB63-4075-9C78-7FEE6A5153C0}.Debug|Any CPU.Build.0 = Debug|Any CPU
		{73DA5CD4-FB63-4075-9C78-7FEE6A5153C0}.Release|Any CPU.ActiveCfg = Release|Any CPU
		{73DA5CD4-FB63-4075-9C78-7FEE6A5153C0}.Release|Any CPU.Build.0 = Release|Any CPU
		{D3F86A94-3A3A-4C54-AE4C-5135B6FCF314}.Debug|Any CPU.ActiveCfg = Debug|Any CPU
		{D3F86A94-3A3A-4C54-AE4C-5135B6FCF314}.Debug|Any CPU.Build.0 = Debug|Any CPU
		{D3F86A94-3A3A-4C54-AE4C-5135B6FCF314}.Release|Any CPU.ActiveCfg = Release|Any CPU
		{D3F86A94-3A3A-4C54-AE4C-5135B6FCF314}.Release|Any CPU.Build.0 = Release|Any CPU
		{2CBF7739-B4B2-413E-8ADF-AAD863C9CF67}.Debug|Any CPU.ActiveCfg = Debug|Any CPU
		{2CBF7739-B4B2-413E-8ADF-AAD863C9CF67}.Debug|Any CPU.Build.0 = Debug|Any CPU
		{2CBF7739-B4B2-413E-8ADF-AAD863C9CF67}.Release|Any CPU.ActiveCfg = Release|Any CPU
		{2CBF7739-B4B2-413E-8ADF-AAD863C9CF67}.Release|Any CPU.Build.0 = Release|Any CPU
		{5ADCFACB-5193-4438-A7C7-F4073948F73C}.Debug|Any CPU.ActiveCfg = Debug|Any CPU
		{5ADCFACB-5193-4438-A7C7-F4073948F73C}.Debug|Any CPU.Build.0 = Debug|Any CPU
		{5ADCFACB-5193-4438-A7C7-F4073948F73C}.Release|Any CPU.ActiveCfg = Release|Any CPU
		{5ADCFACB-5193-4438-A7C7-F4073948F73C}.Release|Any CPU.Build.0 = Release|Any CPU
		{925C80C7-2B08-40E5-B086-E1EFC9481725}.Debug|Any CPU.ActiveCfg = Debug|Any CPU
		{925C80C7-2B08-40E5-B086-E1EFC9481725}.Debug|Any CPU.Build.0 = Debug|Any CPU
		{925C80C7-2B08-40E5-B086-E1EFC9481725}.Release|Any CPU.ActiveCfg = Release|Any CPU
		{925C80C7-2B08-40E5-B086-E1EFC9481725}.Release|Any CPU.Build.0 = Release|Any CPU
		{0744750F-D5EE-4DBE-A48C-B32526FA37FA}.Debug|Any CPU.ActiveCfg = Debug|Any CPU
		{0744750F-D5EE-4DBE-A48C-B32526FA37FA}.Debug|Any CPU.Build.0 = Debug|Any CPU
		{0744750F-D5EE-4DBE-A48C-B32526FA37FA}.Release|Any CPU.ActiveCfg = Release|Any CPU
		{0744750F-D5EE-4DBE-A48C-B32526FA37FA}.Release|Any CPU.Build.0 = Release|Any CPU
		{F94D8A43-BCAB-45BB-A785-CCC181B2DBA1}.Debug|Any CPU.ActiveCfg = Debug|Any CPU
		{F94D8A43-BCAB-45BB-A785-CCC181B2DBA1}.Debug|Any CPU.Build.0 = Debug|Any CPU
		{F94D8A43-BCAB-45BB-A785-CCC181B2DBA1}.Release|Any CPU.ActiveCfg = Release|Any CPU
		{F94D8A43-BCAB-45BB-A785-CCC181B2DBA1}.Release|Any CPU.Build.0 = Release|Any CPU
		{063C8006-8A3A-4590-BEB2-66C4D9734354}.Debug|Any CPU.ActiveCfg = Debug|Any CPU
		{063C8006-8A3A-4590-BEB2-66C4D9734354}.Debug|Any CPU.Build.0 = Debug|Any CPU
		{063C8006-8A3A-4590-BEB2-66C4D9734354}.Release|Any CPU.ActiveCfg = Release|Any CPU
		{063C8006-8A3A-4590-BEB2-66C4D9734354}.Release|Any CPU.Build.0 = Release|Any CPU
		{2E4F4FE1-6951-4743-806B-1A45D658F81C}.Debug|Any CPU.ActiveCfg = Debug|Any CPU
		{2E4F4FE1-6951-4743-806B-1A45D658F81C}.Debug|Any CPU.Build.0 = Debug|Any CPU
		{2E4F4FE1-6951-4743-806B-1A45D658F81C}.Release|Any CPU.ActiveCfg = Release|Any CPU
		{2E4F4FE1-6951-4743-806B-1A45D658F81C}.Release|Any CPU.Build.0 = Release|Any CPU
		{12B73963-699A-4F28-9533-15F899066B48}.Debug|Any CPU.ActiveCfg = Debug|Any CPU
		{12B73963-699A-4F28-9533-15F899066B48}.Debug|Any CPU.Build.0 = Debug|Any CPU
		{12B73963-699A-4F28-9533-15F899066B48}.Release|Any CPU.ActiveCfg = Release|Any CPU
		{12B73963-699A-4F28-9533-15F899066B48}.Release|Any CPU.Build.0 = Release|Any CPU
		{799E500F-9FC7-4F91-8E0A-7672D3423E2E}.Debug|Any CPU.ActiveCfg = Debug|Any CPU
		{799E500F-9FC7-4F91-8E0A-7672D3423E2E}.Debug|Any CPU.Build.0 = Debug|Any CPU
		{799E500F-9FC7-4F91-8E0A-7672D3423E2E}.Release|Any CPU.ActiveCfg = Release|Any CPU
		{799E500F-9FC7-4F91-8E0A-7672D3423E2E}.Release|Any CPU.Build.0 = Release|Any CPU
		{BB402249-EBA0-4800-B75D-B995457C07D6}.Debug|Any CPU.ActiveCfg = Debug|Any CPU
		{BB402249-EBA0-4800-B75D-B995457C07D6}.Debug|Any CPU.Build.0 = Debug|Any CPU
		{BB402249-EBA0-4800-B75D-B995457C07D6}.Release|Any CPU.ActiveCfg = Release|Any CPU
		{BB402249-EBA0-4800-B75D-B995457C07D6}.Release|Any CPU.Build.0 = Release|Any CPU
		{1EA160CF-2DC1-4472-BD99-6BC7345F4B3E}.Debug|Any CPU.ActiveCfg = Debug|Any CPU
		{1EA160CF-2DC1-4472-BD99-6BC7345F4B3E}.Debug|Any CPU.Build.0 = Debug|Any CPU
		{1EA160CF-2DC1-4472-BD99-6BC7345F4B3E}.Release|Any CPU.ActiveCfg = Release|Any CPU
		{1EA160CF-2DC1-4472-BD99-6BC7345F4B3E}.Release|Any CPU.Build.0 = Release|Any CPU
	EndGlobalSection
	GlobalSection(SolutionProperties) = preSolution
		HideSolutionNode = FALSE
	EndGlobalSection
EndGlobal
